
Microsoft Visual Studio Solution File, Format Version 12.00
# Visual Studio Version 17
VisualStudioVersion = 17.0.32112.339
MinimumVisualStudioVersion = 10.0.40219.1
Project("{8BC9CEB8-8B4A-11D0-8D11-00A0C91BC942}") = "test", "test\test.vcxproj", "{D3C3F3D8-D13F-4C1C-BD4A-A17CE28FC9D1}"
EndProject
Project("{8BC9CEB8-8B4A-11D0-8D11-00A0C91BC942}") = "1-1三数论大小（指针）", "1-1三数论大小（指针）\1-1三数论大小（指针）.vcxproj", "{53E45401-B259-4256-86AF-BDE1F0267AA5}"
EndProject
Project("{8BC9CEB8-8B4A-11D0-8D11-00A0C91BC942}") = "1-2货币兑换（指针与常量）", "1-2货币兑换（指针与常量）\1-2货币兑换（指针与常量）.vcxproj", "{CB4FFEAA-BDAA-4DD3-9C2F-E5E7DCA4A97B}"
EndProject
Project("{8BC9CEB8-8B4A-11D0-8D11-00A0C91BC942}") = "1-5矩阵左转（指针与数组）", "1-5矩阵左转（指针与数组）\1-5矩阵左转（指针与数组）.vcxproj", "{5D5EF00B-32C4-40DF-BB80-9CFDF3A2D9BC}"
EndProject
Project("{8BC9CEB8-8B4A-11D0-8D11-00A0C91BC942}") = "1-3动态数组（指针与数组）", "1-3动态数组（指针与数组）\1-3动态数组（指针与数组）.vcxproj", "{ED7737A8-1686-49DB-A23C-B12E7E796C0A}"
EndProject
Project("{8BC9CEB8-8B4A-11D0-8D11-00A0C91BC942}") = "1-4三串合一（指针与字符数组）", "1-4三串合一（指针与字符数组）\1-4三串合一（指针与字符数组）.vcxproj", "{DA1ECB30-D05B-4DE4-A26E-534E449558DD}"
EndProject
Project("{8BC9CEB8-8B4A-11D0-8D11-00A0C91BC942}") = "2-2字符串比较（指针与字符）", "2-2字符串比较（指针与字符）\2-2字符串比较（指针与字符）.vcxproj", "{ACA1D091-E794-4C2F-9E46-109173E85CEE}"
EndProject
Project("{8BC9CEB8-8B4A-11D0-8D11-00A0C91BC942}") = "2-3成绩查询（指针运算）", "2-3成绩查询（指针运算）\2-3成绩查询（指针运算）.vcxproj", "{6C260C09-E218-4CEB-81C4-9F69A62AA0A5}"
EndProject
Project("{8BC9CEB8-8B4A-11D0-8D11-00A0C91BC942}") = "2-4动态矩阵（指针与堆内存分配）", "2-4动态矩阵（指针与堆内存分配）\2-4动态矩阵（指针与堆内存分配）.vcxproj", "{C2F6C0EB-EBF9-4211-9C87-BB450F584CBC}"
EndProject
Project("{8BC9CEB8-8B4A-11D0-8D11-00A0C91BC942}") = "2-5密钥加密法（指针应用）", "2-5密钥加密法（指针应用）\2-5密钥加密法（指针应用）.vcxproj", "{AB5C95C5-0DEE-4F51-B04F-56055A05DEC3}"
EndProject
Project("{8BC9CEB8-8B4A-11D0-8D11-00A0C91BC942}") = "2-1月份查询（指针数组）", "2-1月份查询（指针数组）\2-1月份查询（指针数组）.vcxproj", "{565C2C5A-D04A-47A2-B387-963E9A5CA5B7}"
EndProject
Project("{8BC9CEB8-8B4A-11D0-8D11-00A0C91BC942}") = "3-1三数论大小（引用）", "3-1三数论大小（引用）\3-1三数论大小（引用）.vcxproj", "{F945EB70-B246-4219-A8AC-2B9E7704E584}"
EndProject
Project("{8BC9CEB8-8B4A-11D0-8D11-00A0C91BC942}") = "3-2谁是老二（结构体）", "3-2谁是老二（结构体）\3-2谁是老二（结构体）.vcxproj", "{A9D29BD8-80E1-4984-9041-DD7F90714439}"
EndProject
Project("{8BC9CEB8-8B4A-11D0-8D11-00A0C91BC942}") = "3-3抄袭查找（结构体+指针+函数）", "3-3抄袭查找（结构体+指针+函数）\3-3抄袭查找（结构体+指针+函数）.vcxproj", "{749CF82B-AF53-48B4-B044-3713392549B6}"
EndProject
Project("{8BC9CEB8-8B4A-11D0-8D11-00A0C91BC942}") = "3-4小票输入输出（结构体）", "3-4小票输入输出（结构体）\3-4小票输入输出（结构体）.vcxproj", "{077F9E8B-61A7-4DF8-8E72-4B0323EED3EA}"
EndProject
Project("{8BC9CEB8-8B4A-11D0-8D11-00A0C91BC942}") = "3-5求最大值最小值（引用）", "3-5求最大值最小值（引用）\3-5求最大值最小值（引用）.vcxproj", "{41C933BC-B5BA-4E4F-A7C7-5E2922AF24F8}"
EndProject
Project("{8BC9CEB8-8B4A-11D0-8D11-00A0C91BC942}") = "4-1对象数组（类和对象）", "4-1对象数组（类和对象）\4-1对象数组（类和对象）.vcxproj", "{30611269-09E6-49C8-BECB-D6850B709C1E}"
EndProject
Project("{8BC9CEB8-8B4A-11D0-8D11-00A0C91BC942}") = "4-2存折类定义（类与对象）", "4-2存折类定义（类与对象）\4-2存折类定义（类与对象）.vcxproj", "{0EF7EFD5-3233-45BB-94FE-0453057E05F8}"
EndProject
Project("{8BC9CEB8-8B4A-11D0-8D11-00A0C91BC942}") = "4-3点和圆 (类与对象)", "4-3点和圆 (类与对象)\4-3点和圆 (类与对象).vcxproj", "{BEF2D02A-DB4A-456F-92E4-71E4667EB4C6}"
EndProject
Project("{8BC9CEB8-8B4A-11D0-8D11-00A0C91BC942}") = "4-4最胖的加菲（类与对象+数组）", "4-4最胖的加菲（类与对象+数组）\4-4最胖的加菲（类与对象+数组）.vcxproj", "{43BC277A-446C-474B-9684-67635D08EE99}"
EndProject
Project("{8BC9CEB8-8B4A-11D0-8D11-00A0C91BC942}") = "4-5身体评估（类与对象）", "4-5身体评估（类与对象）\4-5身体评估（类与对象）.vcxproj", "{C9820C74-3B7F-44E5-981D-6F71769C169D}"
EndProject
Project("{8BC9CEB8-8B4A-11D0-8D11-00A0C91BC942}") = "5-1Point（类与构造）", "5-1Point（类与构造）\5-1Point（类与构造）.vcxproj", "{01B6A840-4F33-4C2A-AC4C-0DE0834344EB}"
EndProject
Project("{8BC9CEB8-8B4A-11D0-8D11-00A0C91BC942}") = "5-2Date（类与构造）", "5-2Date（类与构造）\5-2Date（类与构造）.vcxproj", "{C7CEDE3E-215C-4C6A-840B-8E771CBE5E0C}"
EndProject
Project("{8BC9CEB8-8B4A-11D0-8D11-00A0C91BC942}") = "5-3分数类（类与构造）", "5-3分数类（类与构造）\5-3分数类（类与构造）.vcxproj", "{88C4ED49-03A9-4F7D-B2E8-90469425C059}"
EndProject
Project("{8BC9CEB8-8B4A-11D0-8D11-00A0C91BC942}") = "5-4Point_Array（类+构造+对象数组）", "5-4Point_Array（类+构造+对象数组）\5-4Point_Array（类+构造+对象数组）.vcxproj", "{5493A007-125E-45C1-8BDF-3AA28C49E7DB}"
EndProject
Project("{8BC9CEB8-8B4A-11D0-8D11-00A0C91BC942}") = "5-5Stack（类与构造）", "5-5Stack（类与构造）\5-5Stack（类与构造）.vcxproj", "{8319D8DC-6360-4E09-8E05-FA4982B281C3}"
EndProject
Project("{8BC9CEB8-8B4A-11D0-8D11-00A0C91BC942}") = "5-5Stack（类与构造）栈", "5-5Stack（类与构造）栈\5-5Stack（类与构造）栈.vcxproj", "{523A0B6B-E285-4AA2-8CB3-5BF7E3CD2189}"
EndProject
Project("{8BC9CEB8-8B4A-11D0-8D11-00A0C91BC942}") = "6-1Equation（类与对象+构造）", "6-1Equation（类与对象+构造）\6-1Equation（类与对象+构造）.vcxproj", "{24980F41-8249-407E-B3A4-0F27CE9C510E}"
EndProject
Project("{8BC9CEB8-8B4A-11D0-8D11-00A0C91BC942}") = "6-2对象是怎样构造的（拷贝构造函数）", "6-2对象是怎样构造的（拷贝构造函数）\6-2对象是怎样构造的（拷贝构造函数）.vcxproj", "{29939983-AAB9-40BB-B617-9E27DB6A2893}"
EndProject
Project("{8BC9CEB8-8B4A-11D0-8D11-00A0C91BC942}") = "6-3电话号码升位(拷贝构造函数)", "6-3电话号码升位(拷贝构造函数)\6-3电话号码升位(拷贝构造函数).vcxproj", "{7D0F3419-0E02-4E8A-8E57-4968E3809344}"
EndProject
Project("{8BC9CEB8-8B4A-11D0-8D11-00A0C91BC942}") = "6-4软件备份（拷贝构造函数）", "6-4软件备份（拷贝构造函数）\6-4软件备份（拷贝构造函数）.vcxproj", "{52283251-B2F8-4AE8-9100-08934DD563DD}"
EndProject
Project("{8BC9CEB8-8B4A-11D0-8D11-00A0C91BC942}") = "6-5手机服务（构造+拷贝构造+堆）", "6-5手机服务（构造+拷贝构造+堆）\6-5手机服务（构造+拷贝构造+堆）.vcxproj", "{5CD4E794-5B70-4AB7-8C71-822C96BDE34A}"
EndProject
Project("{8BC9CEB8-8B4A-11D0-8D11-00A0C91BC942}") = "7-1距离计算（友元函数）", "7-1距离计算（友元函数）\7-1距离计算（友元函数）.vcxproj", "{EF544448-47B9-4ADE-9275-47D5ADA33D35}"
EndProject
Project("{8BC9CEB8-8B4A-11D0-8D11-00A0C91BC942}") = "7-2银行账户（静态成员与友元函数）", "7-2银行账户（静态成员与友元函数）\7-2银行账户（静态成员与友元函数）.vcxproj", "{CAC7734A-9624-483A-8022-2F93527DD4CA}"
EndProject
Project("{8BC9CEB8-8B4A-11D0-8D11-00A0C91BC942}") = "7-3复数运算（友元函数）", "7-3复数运算（友元函数）\7-3复数运算（友元函数）.vcxproj", "{CAAB8F30-ED3C-4821-9B63-73907006D26B}"
EndProject
Project("{8BC9CEB8-8B4A-11D0-8D11-00A0C91BC942}") = "7-4旅馆顾客统计（静态成员）", "7-4旅馆顾客统计（静态成员）\7-4旅馆顾客统计（静态成员）.vcxproj", "{CF3ED10A-0DE5-4890-91E9-7226A7EEFD8A}"
EndProject
Project("{8BC9CEB8-8B4A-11D0-8D11-00A0C91BC942}") = "7-5日期时间合并输出（友元函数）", "7-5日期时间合并输出（友元函数）\7-5日期时间合并输出（友元函数）.vcxproj", "{C8B17FA3-3F0A-4433-B7C8-9448C40E47C2}"
EndProject
Project("{8BC9CEB8-8B4A-11D0-8D11-00A0C91BC942}") = "8-1向量1（类和对象）", "8-1向量1（类和对象）\8-1向量1（类和对象）.vcxproj", "{20033097-26F5-4565-AB05-1C68A9D58039}"
EndProject
Project("{8BC9CEB8-8B4A-11D0-8D11-00A0C91BC942}") = "8-2向量2（友元及拷贝构造）", "8-2向量2（友元及拷贝构造）\8-2向量2（友元及拷贝构造）.vcxproj", "{8CDA485A-EA7C-4F58-B2DC-1B53F8D61964}"
EndProject
Project("{8BC9CEB8-8B4A-11D0-8D11-00A0C91BC942}") = "8-3向量3（静态成员）", "8-3向量3（静态成员）\8-3向量3（静态成员）.vcxproj", "{4047E75C-12BC-46E6-B5F9-3AB2F434F9F2}"
EndProject
Project("{8BC9CEB8-8B4A-11D0-8D11-00A0C91BC942}") = "8-4向量4（类复合）", "8-4向量4（类复合）\8-4向量4（类复合）.vcxproj", "{E75472FB-6C71-4EA4-80A5-248BA8E7237D}"
EndProject
Project("{8BC9CEB8-8B4A-11D0-8D11-00A0C91BC942}") = "8-5向量5（友元类）", "8-5向量5（友元类）\8-5向量5（友元类）.vcxproj", "{93F03BD7-CA50-4E59-BECB-651D9FCC1481}"
EndProject
Project("{8BC9CEB8-8B4A-11D0-8D11-00A0C91BC942}") = "9-1机器人变身（类与对象）【期中模拟】", "9-1机器人变身（类与对象）【期中模拟】\9-1机器人变身（类与对象）【期中模拟】.vcxproj", "{D064FAA6-FDBC-4042-902C-07CB9E618B64}"
EndProject
Project("{8BC9CEB8-8B4A-11D0-8D11-00A0C91BC942}") = "9-2虚拟电话（构造与析构）【期中模拟】", "9-2虚拟电话（构造与析构）【期中模拟】\9-2虚拟电话（构造与析构）【期中模拟】.vcxproj", "{0C285BC9-51D1-4E56-B0A4-AAFF092E2B5D}"
EndProject
Project("{8BC9CEB8-8B4A-11D0-8D11-00A0C91BC942}") = "9-3银行账户（拷贝构造）【期中模拟】", "9-3银行账户（拷贝构造）【期中模拟】\9-3银行账户（拷贝构造）【期中模拟】.vcxproj", "{2367AE76-EE94-473D-A8B9-5EBE59F4608D}"
EndProject
Project("{8BC9CEB8-8B4A-11D0-8D11-00A0C91BC942}") = "9-4", "9-4\9-4.vcxproj", "{A723D0F6-5AA9-4262-9481-46D9AC8A9112}"
EndProject
Project("{8BC9CEB8-8B4A-11D0-8D11-00A0C91BC942}") = "10-1圆和圆柱体计算（继承）", "10-1圆和圆柱体计算（继承）\10-1圆和圆柱体计算（继承）.vcxproj", "{A4CF607C-33E7-4D9F-8FBE-ED9DE2B02144}"
EndProject
Project("{8BC9CEB8-8B4A-11D0-8D11-00A0C91BC942}") = "10-2", "10-2\10-2.vcxproj", "{C6ABB346-1292-465B-91BD-42C53DBE474B}"
EndProject
Project("{8BC9CEB8-8B4A-11D0-8D11-00A0C91BC942}") = "10-3", "10-3\10-3.vcxproj", "{35B583D2-36AD-438B-BECE-6EA847E20F6A}"
EndProject
Project("{8BC9CEB8-8B4A-11D0-8D11-00A0C91BC942}") = "10-4新旧身份证(继承)", "10-4新旧身份证(继承)\10-4新旧身份证(继承).vcxproj", "{674761BA-0ADF-49AA-A17F-012460221C66}"
EndProject
Project("{8BC9CEB8-8B4A-11D0-8D11-00A0C91BC942}") = "10-5学生成绩计算（继承）", "10-5学生成绩计算（继承）\10-5学生成绩计算（继承）.vcxproj", "{0F5D8593-2BF9-483F-9296-4CA8640173BB}"
EndProject
Project("{8BC9CEB8-8B4A-11D0-8D11-00A0C91BC942}") = "10-6日程安排（多继承+友元函数）", "10-6日程安排（多继承+友元函数）\10-6日程安排（多继承+友元函数）.vcxproj", "{1E363488-6CDE-4276-A81C-7B6D4BB9D8A0}"
EndProject
Project("{8BC9CEB8-8B4A-11D0-8D11-00A0C91BC942}") = "11-1在职研究生（多重继承）", "11-1在职研究生（多重继承）\11-1在职研究生（多重继承）.vcxproj", "{2D37B9ED-47C5-476E-9520-AEBC27D2734C}"
EndProject
Project("{8BC9CEB8-8B4A-11D0-8D11-00A0C91BC942}") = "11-2商旅信用卡（多重继承）", "11-2商旅信用卡（多重继承）\11-2商旅信用卡（多重继承）.vcxproj", "{BCD6D610-263A-49B0-ABC8-5FEF3B58C122}"
EndProject
Project("{8BC9CEB8-8B4A-11D0-8D11-00A0C91BC942}") = "11-3图形面积（虚函数与多态）", "11-3图形面积（虚函数与多态）\11-3图形面积（虚函数与多态）.vcxproj", "{474401C5-4BD3-40B1-8A28-975C819E00A5}"
EndProject
Project("{8BC9CEB8-8B4A-11D0-8D11-00A0C91BC942}") = "11-4汽车收费（虚函数和多态）", "11-4汽车收费（虚函数和多态）\11-4汽车收费（虚函数和多态）.vcxproj", "{DB1B4586-2C1D-49EA-BEFE-84480A3B87F4}"
EndProject
Project("{8BC9CEB8-8B4A-11D0-8D11-00A0C91BC942}") = "11-5", "11-5\11-5.vcxproj", "{367C4CAD-E650-465D-9277-0E134A8E9636}"
EndProject
Project("{8BC9CEB8-8B4A-11D0-8D11-00A0C91BC942}") = "12-1分数的加减乘除（运算符重载）", "12-1分数的加减乘除（运算符重载）\12-1分数的加减乘除（运算符重载）.vcxproj", "{44D0B648-552E-499C-9716-3769662C3E57}"
EndProject
Project("{8BC9CEB8-8B4A-11D0-8D11-00A0C91BC942}") = "12-2复数的加减乘运算（运算符重载）", "12-2复数的加减乘运算（运算符重载）\12-2复数的加减乘运算（运算符重载）.vcxproj", "{E81C6092-8A0B-4BB4-8776-272B820D3071}"
EndProject
Project("{8BC9CEB8-8B4A-11D0-8D11-00A0C91BC942}") = "12-3矩阵相乘（运算符重载）", "12-3矩阵相乘（运算符重载）\12-3矩阵相乘（运算符重载）.vcxproj", "{AE6FBE4B-752E-4198-8ABD-B890EC71DCDE}"
EndProject
Project("{8BC9CEB8-8B4A-11D0-8D11-00A0C91BC942}") = "12-4最小生日差值计算（运算符重载）", "12-4最小生日差值计算（运算符重载）\12-4最小生日差值计算（运算符重载）.vcxproj", "{6FA4E4B7-25B2-4A8E-BF7C-EC91B9C543CA}"
EndProject
Project("{8BC9CEB8-8B4A-11D0-8D11-00A0C91BC942}") = "12-5向量的加减（运算符重载）", "12-5向量的加减（运算符重载）\12-5向量的加减（运算符重载）.vcxproj", "{F7656EF4-3A23-4D72-B909-D6E6E0DC2814}"
EndProject
Project("{8BC9CEB8-8B4A-11D0-8D11-00A0C91BC942}") = "13-1三维坐标点的平移（运算符重载）", "13-1三维坐标点的平移（运算符重载）\13-1三维坐标点的平移（运算符重载）.vcxproj", "{BC4D9FC1-3651-461C-8D81-23ED591437DB}"
EndProject
Project("{8BC9CEB8-8B4A-11D0-8D11-00A0C91BC942}") = "13-2 时钟调整（运算符前后增量）", "13-2 时钟调整（运算符前后增量）\13-2 时钟调整（运算符前后增量）.vcxproj", "{69619924-4F7E-4E03-83D1-E28A2F3E47E2}"
EndProject
Project("{8BC9CEB8-8B4A-11D0-8D11-00A0C91BC942}") = "13-3矩阵（运算符重载）", "13-3矩阵（运算符重载）\13-3矩阵（运算符重载）.vcxproj", "{61E8AC66-975A-4851-A374-505C16B33007}"
EndProject
Project("{8BC9CEB8-8B4A-11D0-8D11-00A0C91BC942}") = "13-4货币加减（运算符重载）", "13-4货币加减（运算符重载）\13-4货币加减（运算符重载）.vcxproj", "{905C2007-3875-4660-B585-116DC236DEE9}"
EndProject
Project("{8BC9CEB8-8B4A-11D0-8D11-00A0C91BC942}") = "13-5身体评估（类与对象）", "13-5身体评估（类与对象）\13-5身体评估（类与对象）.vcxproj", "{4C0FC521-CFC8-41F6-B2E3-00998166EE37}"
EndProject
Global
	GlobalSection(SolutionConfigurationPlatforms) = preSolution
		Debug|x64 = Debug|x64
		Debug|x86 = Debug|x86
		Release|x64 = Release|x64
		Release|x86 = Release|x86
	EndGlobalSection
	GlobalSection(ProjectConfigurationPlatforms) = postSolution
		{D3C3F3D8-D13F-4C1C-BD4A-A17CE28FC9D1}.Debug|x64.ActiveCfg = Debug|x64
		{D3C3F3D8-D13F-4C1C-BD4A-A17CE28FC9D1}.Debug|x64.Build.0 = Debug|x64
		{D3C3F3D8-D13F-4C1C-BD4A-A17CE28FC9D1}.Debug|x86.ActiveCfg = Debug|Win32
		{D3C3F3D8-D13F-4C1C-BD4A-A17CE28FC9D1}.Debug|x86.Build.0 = Debug|Win32
		{D3C3F3D8-D13F-4C1C-BD4A-A17CE28FC9D1}.Release|x64.ActiveCfg = Release|x64
		{D3C3F3D8-D13F-4C1C-BD4A-A17CE28FC9D1}.Release|x64.Build.0 = Release|x64
		{D3C3F3D8-D13F-4C1C-BD4A-A17CE28FC9D1}.Release|x86.ActiveCfg = Release|Win32
		{D3C3F3D8-D13F-4C1C-BD4A-A17CE28FC9D1}.Release|x86.Build.0 = Release|Win32
		{53E45401-B259-4256-86AF-BDE1F0267AA5}.Debug|x64.ActiveCfg = Debug|x64
		{53E45401-B259-4256-86AF-BDE1F0267AA5}.Debug|x64.Build.0 = Debug|x64
		{53E45401-B259-4256-86AF-BDE1F0267AA5}.Debug|x86.ActiveCfg = Debug|Win32
		{53E45401-B259-4256-86AF-BDE1F0267AA5}.Debug|x86.Build.0 = Debug|Win32
		{53E45401-B259-4256-86AF-BDE1F0267AA5}.Release|x64.ActiveCfg = Release|x64
		{53E45401-B259-4256-86AF-BDE1F0267AA5}.Release|x64.Build.0 = Release|x64
		{53E45401-B259-4256-86AF-BDE1F0267AA5}.Release|x86.ActiveCfg = Release|Win32
		{53E45401-B259-4256-86AF-BDE1F0267AA5}.Release|x86.Build.0 = Release|Win32
		{CB4FFEAA-BDAA-4DD3-9C2F-E5E7DCA4A97B}.Debug|x64.ActiveCfg = Debug|x64
		{CB4FFEAA-BDAA-4DD3-9C2F-E5E7DCA4A97B}.Debug|x64.Build.0 = Debug|x64
		{CB4FFEAA-BDAA-4DD3-9C2F-E5E7DCA4A97B}.Debug|x86.ActiveCfg = Debug|Win32
		{CB4FFEAA-BDAA-4DD3-9C2F-E5E7DCA4A97B}.Debug|x86.Build.0 = Debug|Win32
		{CB4FFEAA-BDAA-4DD3-9C2F-E5E7DCA4A97B}.Release|x64.ActiveCfg = Release|x64
		{CB4FFEAA-BDAA-4DD3-9C2F-E5E7DCA4A97B}.Release|x64.Build.0 = Release|x64
		{CB4FFEAA-BDAA-4DD3-9C2F-E5E7DCA4A97B}.Release|x86.ActiveCfg = Release|Win32
		{CB4FFEAA-BDAA-4DD3-9C2F-E5E7DCA4A97B}.Release|x86.Build.0 = Release|Win32
		{5D5EF00B-32C4-40DF-BB80-9CFDF3A2D9BC}.Debug|x64.ActiveCfg = Debug|x64
		{5D5EF00B-32C4-40DF-BB80-9CFDF3A2D9BC}.Debug|x64.Build.0 = Debug|x64
		{5D5EF00B-32C4-40DF-BB80-9CFDF3A2D9BC}.Debug|x86.ActiveCfg = Debug|Win32
		{5D5EF00B-32C4-40DF-BB80-9CFDF3A2D9BC}.Debug|x86.Build.0 = Debug|Win32
		{5D5EF00B-32C4-40DF-BB80-9CFDF3A2D9BC}.Release|x64.ActiveCfg = Release|x64
		{5D5EF00B-32C4-40DF-BB80-9CFDF3A2D9BC}.Release|x64.Build.0 = Release|x64
		{5D5EF00B-32C4-40DF-BB80-9CFDF3A2D9BC}.Release|x86.ActiveCfg = Release|Win32
		{5D5EF00B-32C4-40DF-BB80-9CFDF3A2D9BC}.Release|x86.Build.0 = Release|Win32
		{ED7737A8-1686-49DB-A23C-B12E7E796C0A}.Debug|x64.ActiveCfg = Debug|x64
		{ED7737A8-1686-49DB-A23C-B12E7E796C0A}.Debug|x64.Build.0 = Debug|x64
		{ED7737A8-1686-49DB-A23C-B12E7E796C0A}.Debug|x86.ActiveCfg = Debug|Win32
		{ED7737A8-1686-49DB-A23C-B12E7E796C0A}.Debug|x86.Build.0 = Debug|Win32
		{ED7737A8-1686-49DB-A23C-B12E7E796C0A}.Release|x64.ActiveCfg = Release|x64
		{ED7737A8-1686-49DB-A23C-B12E7E796C0A}.Release|x64.Build.0 = Release|x64
		{ED7737A8-1686-49DB-A23C-B12E7E796C0A}.Release|x86.ActiveCfg = Release|Win32
		{ED7737A8-1686-49DB-A23C-B12E7E796C0A}.Release|x86.Build.0 = Release|Win32
		{DA1ECB30-D05B-4DE4-A26E-534E449558DD}.Debug|x64.ActiveCfg = Debug|x64
		{DA1ECB30-D05B-4DE4-A26E-534E449558DD}.Debug|x64.Build.0 = Debug|x64
		{DA1ECB30-D05B-4DE4-A26E-534E449558DD}.Debug|x86.ActiveCfg = Debug|Win32
		{DA1ECB30-D05B-4DE4-A26E-534E449558DD}.Debug|x86.Build.0 = Debug|Win32
		{DA1ECB30-D05B-4DE4-A26E-534E449558DD}.Release|x64.ActiveCfg = Release|x64
		{DA1ECB30-D05B-4DE4-A26E-534E449558DD}.Release|x64.Build.0 = Release|x64
		{DA1ECB30-D05B-4DE4-A26E-534E449558DD}.Release|x86.ActiveCfg = Release|Win32
		{DA1ECB30-D05B-4DE4-A26E-534E449558DD}.Release|x86.Build.0 = Release|Win32
		{ACA1D091-E794-4C2F-9E46-109173E85CEE}.Debug|x64.ActiveCfg = Debug|x64
		{ACA1D091-E794-4C2F-9E46-109173E85CEE}.Debug|x64.Build.0 = Debug|x64
		{ACA1D091-E794-4C2F-9E46-109173E85CEE}.Debug|x86.ActiveCfg = Debug|Win32
		{ACA1D091-E794-4C2F-9E46-109173E85CEE}.Debug|x86.Build.0 = Debug|Win32
		{ACA1D091-E794-4C2F-9E46-109173E85CEE}.Release|x64.ActiveCfg = Release|x64
		{ACA1D091-E794-4C2F-9E46-109173E85CEE}.Release|x64.Build.0 = Release|x64
		{ACA1D091-E794-4C2F-9E46-109173E85CEE}.Release|x86.ActiveCfg = Release|Win32
		{ACA1D091-E794-4C2F-9E46-109173E85CEE}.Release|x86.Build.0 = Release|Win32
		{6C260C09-E218-4CEB-81C4-9F69A62AA0A5}.Debug|x64.ActiveCfg = Debug|x64
		{6C260C09-E218-4CEB-81C4-9F69A62AA0A5}.Debug|x64.Build.0 = Debug|x64
		{6C260C09-E218-4CEB-81C4-9F69A62AA0A5}.Debug|x86.ActiveCfg = Debug|Win32
		{6C260C09-E218-4CEB-81C4-9F69A62AA0A5}.Debug|x86.Build.0 = Debug|Win32
		{6C260C09-E218-4CEB-81C4-9F69A62AA0A5}.Release|x64.ActiveCfg = Release|x64
		{6C260C09-E218-4CEB-81C4-9F69A62AA0A5}.Release|x64.Build.0 = Release|x64
		{6C260C09-E218-4CEB-81C4-9F69A62AA0A5}.Release|x86.ActiveCfg = Release|Win32
		{6C260C09-E218-4CEB-81C4-9F69A62AA0A5}.Release|x86.Build.0 = Release|Win32
		{C2F6C0EB-EBF9-4211-9C87-BB450F584CBC}.Debug|x64.ActiveCfg = Debug|x64
		{C2F6C0EB-EBF9-4211-9C87-BB450F584CBC}.Debug|x64.Build.0 = Debug|x64
		{C2F6C0EB-EBF9-4211-9C87-BB450F584CBC}.Debug|x86.ActiveCfg = Debug|Win32
		{C2F6C0EB-EBF9-4211-9C87-BB450F584CBC}.Debug|x86.Build.0 = Debug|Win32
		{C2F6C0EB-EBF9-4211-9C87-BB450F584CBC}.Release|x64.ActiveCfg = Release|x64
		{C2F6C0EB-EBF9-4211-9C87-BB450F584CBC}.Release|x64.Build.0 = Release|x64
		{C2F6C0EB-EBF9-4211-9C87-BB450F584CBC}.Release|x86.ActiveCfg = Release|Win32
		{C2F6C0EB-EBF9-4211-9C87-BB450F584CBC}.Release|x86.Build.0 = Release|Win32
		{AB5C95C5-0DEE-4F51-B04F-56055A05DEC3}.Debug|x64.ActiveCfg = Debug|x64
		{AB5C95C5-0DEE-4F51-B04F-56055A05DEC3}.Debug|x64.Build.0 = Debug|x64
		{AB5C95C5-0DEE-4F51-B04F-56055A05DEC3}.Debug|x86.ActiveCfg = Debug|Win32
		{AB5C95C5-0DEE-4F51-B04F-56055A05DEC3}.Debug|x86.Build.0 = Debug|Win32
		{AB5C95C5-0DEE-4F51-B04F-56055A05DEC3}.Release|x64.ActiveCfg = Release|x64
		{AB5C95C5-0DEE-4F51-B04F-56055A05DEC3}.Release|x64.Build.0 = Release|x64
		{AB5C95C5-0DEE-4F51-B04F-56055A05DEC3}.Release|x86.ActiveCfg = Release|Win32
		{AB5C95C5-0DEE-4F51-B04F-56055A05DEC3}.Release|x86.Build.0 = Release|Win32
		{565C2C5A-D04A-47A2-B387-963E9A5CA5B7}.Debug|x64.ActiveCfg = Debug|x64
		{565C2C5A-D04A-47A2-B387-963E9A5CA5B7}.Debug|x64.Build.0 = Debug|x64
		{565C2C5A-D04A-47A2-B387-963E9A5CA5B7}.Debug|x86.ActiveCfg = Debug|Win32
		{565C2C5A-D04A-47A2-B387-963E9A5CA5B7}.Debug|x86.Build.0 = Debug|Win32
		{565C2C5A-D04A-47A2-B387-963E9A5CA5B7}.Release|x64.ActiveCfg = Release|x64
		{565C2C5A-D04A-47A2-B387-963E9A5CA5B7}.Release|x64.Build.0 = Release|x64
		{565C2C5A-D04A-47A2-B387-963E9A5CA5B7}.Release|x86.ActiveCfg = Release|Win32
		{565C2C5A-D04A-47A2-B387-963E9A5CA5B7}.Release|x86.Build.0 = Release|Win32
		{F945EB70-B246-4219-A8AC-2B9E7704E584}.Debug|x64.ActiveCfg = Debug|x64
		{F945EB70-B246-4219-A8AC-2B9E7704E584}.Debug|x64.Build.0 = Debug|x64
		{F945EB70-B246-4219-A8AC-2B9E7704E584}.Debug|x86.ActiveCfg = Debug|Win32
		{F945EB70-B246-4219-A8AC-2B9E7704E584}.Debug|x86.Build.0 = Debug|Win32
		{F945EB70-B246-4219-A8AC-2B9E7704E584}.Release|x64.ActiveCfg = Release|x64
		{F945EB70-B246-4219-A8AC-2B9E7704E584}.Release|x64.Build.0 = Release|x64
		{F945EB70-B246-4219-A8AC-2B9E7704E584}.Release|x86.ActiveCfg = Release|Win32
		{F945EB70-B246-4219-A8AC-2B9E7704E584}.Release|x86.Build.0 = Release|Win32
		{A9D29BD8-80E1-4984-9041-DD7F90714439}.Debug|x64.ActiveCfg = Debug|x64
		{A9D29BD8-80E1-4984-9041-DD7F90714439}.Debug|x64.Build.0 = Debug|x64
		{A9D29BD8-80E1-4984-9041-DD7F90714439}.Debug|x86.ActiveCfg = Debug|Win32
		{A9D29BD8-80E1-4984-9041-DD7F90714439}.Debug|x86.Build.0 = Debug|Win32
		{A9D29BD8-80E1-4984-9041-DD7F90714439}.Release|x64.ActiveCfg = Release|x64
		{A9D29BD8-80E1-4984-9041-DD7F90714439}.Release|x64.Build.0 = Release|x64
		{A9D29BD8-80E1-4984-9041-DD7F90714439}.Release|x86.ActiveCfg = Release|Win32
		{A9D29BD8-80E1-4984-9041-DD7F90714439}.Release|x86.Build.0 = Release|Win32
		{749CF82B-AF53-48B4-B044-3713392549B6}.Debug|x64.ActiveCfg = Debug|x64
		{749CF82B-AF53-48B4-B044-3713392549B6}.Debug|x64.Build.0 = Debug|x64
		{749CF82B-AF53-48B4-B044-3713392549B6}.Debug|x86.ActiveCfg = Debug|Win32
		{749CF82B-AF53-48B4-B044-3713392549B6}.Debug|x86.Build.0 = Debug|Win32
		{749CF82B-AF53-48B4-B044-3713392549B6}.Release|x64.ActiveCfg = Release|x64
		{749CF82B-AF53-48B4-B044-3713392549B6}.Release|x64.Build.0 = Release|x64
		{749CF82B-AF53-48B4-B044-3713392549B6}.Release|x86.ActiveCfg = Release|Win32
		{749CF82B-AF53-48B4-B044-3713392549B6}.Release|x86.Build.0 = Release|Win32
		{077F9E8B-61A7-4DF8-8E72-4B0323EED3EA}.Debug|x64.ActiveCfg = Debug|x64
		{077F9E8B-61A7-4DF8-8E72-4B0323EED3EA}.Debug|x64.Build.0 = Debug|x64
		{077F9E8B-61A7-4DF8-8E72-4B0323EED3EA}.Debug|x86.ActiveCfg = Debug|Win32
		{077F9E8B-61A7-4DF8-8E72-4B0323EED3EA}.Debug|x86.Build.0 = Debug|Win32
		{077F9E8B-61A7-4DF8-8E72-4B0323EED3EA}.Release|x64.ActiveCfg = Release|x64
		{077F9E8B-61A7-4DF8-8E72-4B0323EED3EA}.Release|x64.Build.0 = Release|x64
		{077F9E8B-61A7-4DF8-8E72-4B0323EED3EA}.Release|x86.ActiveCfg = Release|Win32
		{077F9E8B-61A7-4DF8-8E72-4B0323EED3EA}.Release|x86.Build.0 = Release|Win32
		{41C933BC-B5BA-4E4F-A7C7-5E2922AF24F8}.Debug|x64.ActiveCfg = Debug|x64
		{41C933BC-B5BA-4E4F-A7C7-5E2922AF24F8}.Debug|x64.Build.0 = Debug|x64
		{41C933BC-B5BA-4E4F-A7C7-5E2922AF24F8}.Debug|x86.ActiveCfg = Debug|Win32
		{41C933BC-B5BA-4E4F-A7C7-5E2922AF24F8}.Debug|x86.Build.0 = Debug|Win32
		{41C933BC-B5BA-4E4F-A7C7-5E2922AF24F8}.Release|x64.ActiveCfg = Release|x64
		{41C933BC-B5BA-4E4F-A7C7-5E2922AF24F8}.Release|x64.Build.0 = Release|x64
		{41C933BC-B5BA-4E4F-A7C7-5E2922AF24F8}.Release|x86.ActiveCfg = Release|Win32
		{41C933BC-B5BA-4E4F-A7C7-5E2922AF24F8}.Release|x86.Build.0 = Release|Win32
		{30611269-09E6-49C8-BECB-D6850B709C1E}.Debug|x64.ActiveCfg = Debug|x64
		{30611269-09E6-49C8-BECB-D6850B709C1E}.Debug|x64.Build.0 = Debug|x64
		{30611269-09E6-49C8-BECB-D6850B709C1E}.Debug|x86.ActiveCfg = Debug|Win32
		{30611269-09E6-49C8-BECB-D6850B709C1E}.Debug|x86.Build.0 = Debug|Win32
		{30611269-09E6-49C8-BECB-D6850B709C1E}.Release|x64.ActiveCfg = Release|x64
		{30611269-09E6-49C8-BECB-D6850B709C1E}.Release|x64.Build.0 = Release|x64
		{30611269-09E6-49C8-BECB-D6850B709C1E}.Release|x86.ActiveCfg = Release|Win32
		{30611269-09E6-49C8-BECB-D6850B709C1E}.Release|x86.Build.0 = Release|Win32
		{0EF7EFD5-3233-45BB-94FE-0453057E05F8}.Debug|x64.ActiveCfg = Debug|x64
		{0EF7EFD5-3233-45BB-94FE-0453057E05F8}.Debug|x64.Build.0 = Debug|x64
		{0EF7EFD5-3233-45BB-94FE-0453057E05F8}.Debug|x86.ActiveCfg = Debug|Win32
		{0EF7EFD5-3233-45BB-94FE-0453057E05F8}.Debug|x86.Build.0 = Debug|Win32
		{0EF7EFD5-3233-45BB-94FE-0453057E05F8}.Release|x64.ActiveCfg = Release|x64
		{0EF7EFD5-3233-45BB-94FE-0453057E05F8}.Release|x64.Build.0 = Release|x64
		{0EF7EFD5-3233-45BB-94FE-0453057E05F8}.Release|x86.ActiveCfg = Release|Win32
		{0EF7EFD5-3233-45BB-94FE-0453057E05F8}.Release|x86.Build.0 = Release|Win32
		{BEF2D02A-DB4A-456F-92E4-71E4667EB4C6}.Debug|x64.ActiveCfg = Debug|x64
		{BEF2D02A-DB4A-456F-92E4-71E4667EB4C6}.Debug|x64.Build.0 = Debug|x64
		{BEF2D02A-DB4A-456F-92E4-71E4667EB4C6}.Debug|x86.ActiveCfg = Debug|Win32
		{BEF2D02A-DB4A-456F-92E4-71E4667EB4C6}.Debug|x86.Build.0 = Debug|Win32
		{BEF2D02A-DB4A-456F-92E4-71E4667EB4C6}.Release|x64.ActiveCfg = Release|x64
		{BEF2D02A-DB4A-456F-92E4-71E4667EB4C6}.Release|x64.Build.0 = Release|x64
		{BEF2D02A-DB4A-456F-92E4-71E4667EB4C6}.Release|x86.ActiveCfg = Release|Win32
		{BEF2D02A-DB4A-456F-92E4-71E4667EB4C6}.Release|x86.Build.0 = Release|Win32
		{43BC277A-446C-474B-9684-67635D08EE99}.Debug|x64.ActiveCfg = Debug|x64
		{43BC277A-446C-474B-9684-67635D08EE99}.Debug|x64.Build.0 = Debug|x64
		{43BC277A-446C-474B-9684-67635D08EE99}.Debug|x86.ActiveCfg = Debug|Win32
		{43BC277A-446C-474B-9684-67635D08EE99}.Debug|x86.Build.0 = Debug|Win32
		{43BC277A-446C-474B-9684-67635D08EE99}.Release|x64.ActiveCfg = Release|x64
		{43BC277A-446C-474B-9684-67635D08EE99}.Release|x64.Build.0 = Release|x64
		{43BC277A-446C-474B-9684-67635D08EE99}.Release|x86.ActiveCfg = Release|Win32
		{43BC277A-446C-474B-9684-67635D08EE99}.Release|x86.Build.0 = Release|Win32
		{C9820C74-3B7F-44E5-981D-6F71769C169D}.Debug|x64.ActiveCfg = Debug|x64
		{C9820C74-3B7F-44E5-981D-6F71769C169D}.Debug|x64.Build.0 = Debug|x64
		{C9820C74-3B7F-44E5-981D-6F71769C169D}.Debug|x86.ActiveCfg = Debug|Win32
		{C9820C74-3B7F-44E5-981D-6F71769C169D}.Debug|x86.Build.0 = Debug|Win32
		{C9820C74-3B7F-44E5-981D-6F71769C169D}.Release|x64.ActiveCfg = Release|x64
		{C9820C74-3B7F-44E5-981D-6F71769C169D}.Release|x64.Build.0 = Release|x64
		{C9820C74-3B7F-44E5-981D-6F71769C169D}.Release|x86.ActiveCfg = Release|Win32
		{C9820C74-3B7F-44E5-981D-6F71769C169D}.Release|x86.Build.0 = Release|Win32
		{01B6A840-4F33-4C2A-AC4C-0DE0834344EB}.Debug|x64.ActiveCfg = Debug|x64
		{01B6A840-4F33-4C2A-AC4C-0DE0834344EB}.Debug|x64.Build.0 = Debug|x64
		{01B6A840-4F33-4C2A-AC4C-0DE0834344EB}.Debug|x86.ActiveCfg = Debug|Win32
		{01B6A840-4F33-4C2A-AC4C-0DE0834344EB}.Debug|x86.Build.0 = Debug|Win32
		{01B6A840-4F33-4C2A-AC4C-0DE0834344EB}.Release|x64.ActiveCfg = Release|x64
		{01B6A840-4F33-4C2A-AC4C-0DE0834344EB}.Release|x64.Build.0 = Release|x64
		{01B6A840-4F33-4C2A-AC4C-0DE0834344EB}.Release|x86.ActiveCfg = Release|Win32
		{01B6A840-4F33-4C2A-AC4C-0DE0834344EB}.Release|x86.Build.0 = Release|Win32
		{C7CEDE3E-215C-4C6A-840B-8E771CBE5E0C}.Debug|x64.ActiveCfg = Debug|x64
		{C7CEDE3E-215C-4C6A-840B-8E771CBE5E0C}.Debug|x64.Build.0 = Debug|x64
		{C7CEDE3E-215C-4C6A-840B-8E771CBE5E0C}.Debug|x86.ActiveCfg = Debug|Win32
		{C7CEDE3E-215C-4C6A-840B-8E771CBE5E0C}.Debug|x86.Build.0 = Debug|Win32
		{C7CEDE3E-215C-4C6A-840B-8E771CBE5E0C}.Release|x64.ActiveCfg = Release|x64
		{C7CEDE3E-215C-4C6A-840B-8E771CBE5E0C}.Release|x64.Build.0 = Release|x64
		{C7CEDE3E-215C-4C6A-840B-8E771CBE5E0C}.Release|x86.ActiveCfg = Release|Win32
		{C7CEDE3E-215C-4C6A-840B-8E771CBE5E0C}.Release|x86.Build.0 = Release|Win32
		{88C4ED49-03A9-4F7D-B2E8-90469425C059}.Debug|x64.ActiveCfg = Debug|x64
		{88C4ED49-03A9-4F7D-B2E8-90469425C059}.Debug|x64.Build.0 = Debug|x64
		{88C4ED49-03A9-4F7D-B2E8-90469425C059}.Debug|x86.ActiveCfg = Debug|Win32
		{88C4ED49-03A9-4F7D-B2E8-90469425C059}.Debug|x86.Build.0 = Debug|Win32
		{88C4ED49-03A9-4F7D-B2E8-90469425C059}.Release|x64.ActiveCfg = Release|x64
		{88C4ED49-03A9-4F7D-B2E8-90469425C059}.Release|x64.Build.0 = Release|x64
		{88C4ED49-03A9-4F7D-B2E8-90469425C059}.Release|x86.ActiveCfg = Release|Win32
		{88C4ED49-03A9-4F7D-B2E8-90469425C059}.Release|x86.Build.0 = Release|Win32
		{5493A007-125E-45C1-8BDF-3AA28C49E7DB}.Debug|x64.ActiveCfg = Debug|x64
		{5493A007-125E-45C1-8BDF-3AA28C49E7DB}.Debug|x64.Build.0 = Debug|x64
		{5493A007-125E-45C1-8BDF-3AA28C49E7DB}.Debug|x86.ActiveCfg = Debug|Win32
		{5493A007-125E-45C1-8BDF-3AA28C49E7DB}.Debug|x86.Build.0 = Debug|Win32
		{5493A007-125E-45C1-8BDF-3AA28C49E7DB}.Release|x64.ActiveCfg = Release|x64
		{5493A007-125E-45C1-8BDF-3AA28C49E7DB}.Release|x64.Build.0 = Release|x64
		{5493A007-125E-45C1-8BDF-3AA28C49E7DB}.Release|x86.ActiveCfg = Release|Win32
		{5493A007-125E-45C1-8BDF-3AA28C49E7DB}.Release|x86.Build.0 = Release|Win32
		{8319D8DC-6360-4E09-8E05-FA4982B281C3}.Debug|x64.ActiveCfg = Debug|x64
		{8319D8DC-6360-4E09-8E05-FA4982B281C3}.Debug|x64.Build.0 = Debug|x64
		{8319D8DC-6360-4E09-8E05-FA4982B281C3}.Debug|x86.ActiveCfg = Debug|Win32
		{8319D8DC-6360-4E09-8E05-FA4982B281C3}.Debug|x86.Build.0 = Debug|Win32
		{8319D8DC-6360-4E09-8E05-FA4982B281C3}.Release|x64.ActiveCfg = Release|x64
		{8319D8DC-6360-4E09-8E05-FA4982B281C3}.Release|x64.Build.0 = Release|x64
		{8319D8DC-6360-4E09-8E05-FA4982B281C3}.Release|x86.ActiveCfg = Release|Win32
		{8319D8DC-6360-4E09-8E05-FA4982B281C3}.Release|x86.Build.0 = Release|Win32
		{523A0B6B-E285-4AA2-8CB3-5BF7E3CD2189}.Debug|x64.ActiveCfg = Debug|x64
		{523A0B6B-E285-4AA2-8CB3-5BF7E3CD2189}.Debug|x64.Build.0 = Debug|x64
		{523A0B6B-E285-4AA2-8CB3-5BF7E3CD2189}.Debug|x86.ActiveCfg = Debug|Win32
		{523A0B6B-E285-4AA2-8CB3-5BF7E3CD2189}.Debug|x86.Build.0 = Debug|Win32
		{523A0B6B-E285-4AA2-8CB3-5BF7E3CD2189}.Release|x64.ActiveCfg = Release|x64
		{523A0B6B-E285-4AA2-8CB3-5BF7E3CD2189}.Release|x64.Build.0 = Release|x64
		{523A0B6B-E285-4AA2-8CB3-5BF7E3CD2189}.Release|x86.ActiveCfg = Release|Win32
		{523A0B6B-E285-4AA2-8CB3-5BF7E3CD2189}.Release|x86.Build.0 = Release|Win32
		{24980F41-8249-407E-B3A4-0F27CE9C510E}.Debug|x64.ActiveCfg = Debug|x64
		{24980F41-8249-407E-B3A4-0F27CE9C510E}.Debug|x64.Build.0 = Debug|x64
		{24980F41-8249-407E-B3A4-0F27CE9C510E}.Debug|x86.ActiveCfg = Debug|Win32
		{24980F41-8249-407E-B3A4-0F27CE9C510E}.Debug|x86.Build.0 = Debug|Win32
		{24980F41-8249-407E-B3A4-0F27CE9C510E}.Release|x64.ActiveCfg = Release|x64
		{24980F41-8249-407E-B3A4-0F27CE9C510E}.Release|x64.Build.0 = Release|x64
		{24980F41-8249-407E-B3A4-0F27CE9C510E}.Release|x86.ActiveCfg = Release|Win32
		{24980F41-8249-407E-B3A4-0F27CE9C510E}.Release|x86.Build.0 = Release|Win32
		{29939983-AAB9-40BB-B617-9E27DB6A2893}.Debug|x64.ActiveCfg = Debug|x64
		{29939983-AAB9-40BB-B617-9E27DB6A2893}.Debug|x64.Build.0 = Debug|x64
		{29939983-AAB9-40BB-B617-9E27DB6A2893}.Debug|x86.ActiveCfg = Debug|Win32
		{29939983-AAB9-40BB-B617-9E27DB6A2893}.Debug|x86.Build.0 = Debug|Win32
		{29939983-AAB9-40BB-B617-9E27DB6A2893}.Release|x64.ActiveCfg = Release|x64
		{29939983-AAB9-40BB-B617-9E27DB6A2893}.Release|x64.Build.0 = Release|x64
		{29939983-AAB9-40BB-B617-9E27DB6A2893}.Release|x86.ActiveCfg = Release|Win32
		{29939983-AAB9-40BB-B617-9E27DB6A2893}.Release|x86.Build.0 = Release|Win32
		{7D0F3419-0E02-4E8A-8E57-4968E3809344}.Debug|x64.ActiveCfg = Debug|x64
		{7D0F3419-0E02-4E8A-8E57-4968E3809344}.Debug|x64.Build.0 = Debug|x64
		{7D0F3419-0E02-4E8A-8E57-4968E3809344}.Debug|x86.ActiveCfg = Debug|Win32
		{7D0F3419-0E02-4E8A-8E57-4968E3809344}.Debug|x86.Build.0 = Debug|Win32
		{7D0F3419-0E02-4E8A-8E57-4968E3809344}.Release|x64.ActiveCfg = Release|x64
		{7D0F3419-0E02-4E8A-8E57-4968E3809344}.Release|x64.Build.0 = Release|x64
		{7D0F3419-0E02-4E8A-8E57-4968E3809344}.Release|x86.ActiveCfg = Release|Win32
		{7D0F3419-0E02-4E8A-8E57-4968E3809344}.Release|x86.Build.0 = Release|Win32
		{52283251-B2F8-4AE8-9100-08934DD563DD}.Debug|x64.ActiveCfg = Debug|x64
		{52283251-B2F8-4AE8-9100-08934DD563DD}.Debug|x64.Build.0 = Debug|x64
		{52283251-B2F8-4AE8-9100-08934DD563DD}.Debug|x86.ActiveCfg = Debug|Win32
		{52283251-B2F8-4AE8-9100-08934DD563DD}.Debug|x86.Build.0 = Debug|Win32
		{52283251-B2F8-4AE8-9100-08934DD563DD}.Release|x64.ActiveCfg = Release|x64
		{52283251-B2F8-4AE8-9100-08934DD563DD}.Release|x64.Build.0 = Release|x64
		{52283251-B2F8-4AE8-9100-08934DD563DD}.Release|x86.ActiveCfg = Release|Win32
		{52283251-B2F8-4AE8-9100-08934DD563DD}.Release|x86.Build.0 = Release|Win32
		{5CD4E794-5B70-4AB7-8C71-822C96BDE34A}.Debug|x64.ActiveCfg = Debug|x64
		{5CD4E794-5B70-4AB7-8C71-822C96BDE34A}.Debug|x64.Build.0 = Debug|x64
		{5CD4E794-5B70-4AB7-8C71-822C96BDE34A}.Debug|x86.ActiveCfg = Debug|Win32
		{5CD4E794-5B70-4AB7-8C71-822C96BDE34A}.Debug|x86.Build.0 = Debug|Win32
		{5CD4E794-5B70-4AB7-8C71-822C96BDE34A}.Release|x64.ActiveCfg = Release|x64
		{5CD4E794-5B70-4AB7-8C71-822C96BDE34A}.Release|x64.Build.0 = Release|x64
		{5CD4E794-5B70-4AB7-8C71-822C96BDE34A}.Release|x86.ActiveCfg = Release|Win32
		{5CD4E794-5B70-4AB7-8C71-822C96BDE34A}.Release|x86.Build.0 = Release|Win32
		{EF544448-47B9-4ADE-9275-47D5ADA33D35}.Debug|x64.ActiveCfg = Debug|x64
		{EF544448-47B9-4ADE-9275-47D5ADA33D35}.Debug|x64.Build.0 = Debug|x64
		{EF544448-47B9-4ADE-9275-47D5ADA33D35}.Debug|x86.ActiveCfg = Debug|Win32
		{EF544448-47B9-4ADE-9275-47D5ADA33D35}.Debug|x86.Build.0 = Debug|Win32
		{EF544448-47B9-4ADE-9275-47D5ADA33D35}.Release|x64.ActiveCfg = Release|x64
		{EF544448-47B9-4ADE-9275-47D5ADA33D35}.Release|x64.Build.0 = Release|x64
		{EF544448-47B9-4ADE-9275-47D5ADA33D35}.Release|x86.ActiveCfg = Release|Win32
		{EF544448-47B9-4ADE-9275-47D5ADA33D35}.Release|x86.Build.0 = Release|Win32
		{CAC7734A-9624-483A-8022-2F93527DD4CA}.Debug|x64.ActiveCfg = Debug|x64
		{CAC7734A-9624-483A-8022-2F93527DD4CA}.Debug|x64.Build.0 = Debug|x64
		{CAC7734A-9624-483A-8022-2F93527DD4CA}.Debug|x86.ActiveCfg = Debug|Win32
		{CAC7734A-9624-483A-8022-2F93527DD4CA}.Debug|x86.Build.0 = Debug|Win32
		{CAC7734A-9624-483A-8022-2F93527DD4CA}.Release|x64.ActiveCfg = Release|x64
		{CAC7734A-9624-483A-8022-2F93527DD4CA}.Release|x64.Build.0 = Release|x64
		{CAC7734A-9624-483A-8022-2F93527DD4CA}.Release|x86.ActiveCfg = Release|Win32
		{CAC7734A-9624-483A-8022-2F93527DD4CA}.Release|x86.Build.0 = Release|Win32
		{CAAB8F30-ED3C-4821-9B63-73907006D26B}.Debug|x64.ActiveCfg = Debug|x64
		{CAAB8F30-ED3C-4821-9B63-73907006D26B}.Debug|x64.Build.0 = Debug|x64
		{CAAB8F30-ED3C-4821-9B63-73907006D26B}.Debug|x86.ActiveCfg = Debug|Win32
		{CAAB8F30-ED3C-4821-9B63-73907006D26B}.Debug|x86.Build.0 = Debug|Win32
		{CAAB8F30-ED3C-4821-9B63-73907006D26B}.Release|x64.ActiveCfg = Release|x64
		{CAAB8F30-ED3C-4821-9B63-73907006D26B}.Release|x64.Build.0 = Release|x64
		{CAAB8F30-ED3C-4821-9B63-73907006D26B}.Release|x86.ActiveCfg = Release|Win32
		{CAAB8F30-ED3C-4821-9B63-73907006D26B}.Release|x86.Build.0 = Release|Win32
		{CF3ED10A-0DE5-4890-91E9-7226A7EEFD8A}.Debug|x64.ActiveCfg = Debug|x64
		{CF3ED10A-0DE5-4890-91E9-7226A7EEFD8A}.Debug|x64.Build.0 = Debug|x64
		{CF3ED10A-0DE5-4890-91E9-7226A7EEFD8A}.Debug|x86.ActiveCfg = Debug|Win32
		{CF3ED10A-0DE5-4890-91E9-7226A7EEFD8A}.Debug|x86.Build.0 = Debug|Win32
		{CF3ED10A-0DE5-4890-91E9-7226A7EEFD8A}.Release|x64.ActiveCfg = Release|x64
		{CF3ED10A-0DE5-4890-91E9-7226A7EEFD8A}.Release|x64.Build.0 = Release|x64
		{CF3ED10A-0DE5-4890-91E9-7226A7EEFD8A}.Release|x86.ActiveCfg = Release|Win32
		{CF3ED10A-0DE5-4890-91E9-7226A7EEFD8A}.Release|x86.Build.0 = Release|Win32
		{C8B17FA3-3F0A-4433-B7C8-9448C40E47C2}.Debug|x64.ActiveCfg = Debug|x64
		{C8B17FA3-3F0A-4433-B7C8-9448C40E47C2}.Debug|x64.Build.0 = Debug|x64
		{C8B17FA3-3F0A-4433-B7C8-9448C40E47C2}.Debug|x86.ActiveCfg = Debug|Win32
		{C8B17FA3-3F0A-4433-B7C8-9448C40E47C2}.Debug|x86.Build.0 = Debug|Win32
		{C8B17FA3-3F0A-4433-B7C8-9448C40E47C2}.Release|x64.ActiveCfg = Release|x64
		{C8B17FA3-3F0A-4433-B7C8-9448C40E47C2}.Release|x64.Build.0 = Release|x64
		{C8B17FA3-3F0A-4433-B7C8-9448C40E47C2}.Release|x86.ActiveCfg = Release|Win32
		{C8B17FA3-3F0A-4433-B7C8-9448C40E47C2}.Release|x86.Build.0 = Release|Win32
		{20033097-26F5-4565-AB05-1C68A9D58039}.Debug|x64.ActiveCfg = Debug|x64
		{20033097-26F5-4565-AB05-1C68A9D58039}.Debug|x64.Build.0 = Debug|x64
		{20033097-26F5-4565-AB05-1C68A9D58039}.Debug|x86.ActiveCfg = Debug|Win32
		{20033097-26F5-4565-AB05-1C68A9D58039}.Debug|x86.Build.0 = Debug|Win32
		{20033097-26F5-4565-AB05-1C68A9D58039}.Release|x64.ActiveCfg = Release|x64
		{20033097-26F5-4565-AB05-1C68A9D58039}.Release|x64.Build.0 = Release|x64
		{20033097-26F5-4565-AB05-1C68A9D58039}.Release|x86.ActiveCfg = Release|Win32
		{20033097-26F5-4565-AB05-1C68A9D58039}.Release|x86.Build.0 = Release|Win32
		{8CDA485A-EA7C-4F58-B2DC-1B53F8D61964}.Debug|x64.ActiveCfg = Debug|x64
		{8CDA485A-EA7C-4F58-B2DC-1B53F8D61964}.Debug|x64.Build.0 = Debug|x64
		{8CDA485A-EA7C-4F58-B2DC-1B53F8D61964}.Debug|x86.ActiveCfg = Debug|Win32
		{8CDA485A-EA7C-4F58-B2DC-1B53F8D61964}.Debug|x86.Build.0 = Debug|Win32
		{8CDA485A-EA7C-4F58-B2DC-1B53F8D61964}.Release|x64.ActiveCfg = Release|x64
		{8CDA485A-EA7C-4F58-B2DC-1B53F8D61964}.Release|x64.Build.0 = Release|x64
		{8CDA485A-EA7C-4F58-B2DC-1B53F8D61964}.Release|x86.ActiveCfg = Release|Win32
		{8CDA485A-EA7C-4F58-B2DC-1B53F8D61964}.Release|x86.Build.0 = Release|Win32
		{4047E75C-12BC-46E6-B5F9-3AB2F434F9F2}.Debug|x64.ActiveCfg = Debug|x64
		{4047E75C-12BC-46E6-B5F9-3AB2F434F9F2}.Debug|x64.Build.0 = Debug|x64
		{4047E75C-12BC-46E6-B5F9-3AB2F434F9F2}.Debug|x86.ActiveCfg = Debug|Win32
		{4047E75C-12BC-46E6-B5F9-3AB2F434F9F2}.Debug|x86.Build.0 = Debug|Win32
		{4047E75C-12BC-46E6-B5F9-3AB2F434F9F2}.Release|x64.ActiveCfg = Release|x64
		{4047E75C-12BC-46E6-B5F9-3AB2F434F9F2}.Release|x64.Build.0 = Release|x64
		{4047E75C-12BC-46E6-B5F9-3AB2F434F9F2}.Release|x86.ActiveCfg = Release|Win32
		{4047E75C-12BC-46E6-B5F9-3AB2F434F9F2}.Release|x86.Build.0 = Release|Win32
		{E75472FB-6C71-4EA4-80A5-248BA8E7237D}.Debug|x64.ActiveCfg = Debug|x64
		{E75472FB-6C71-4EA4-80A5-248BA8E7237D}.Debug|x64.Build.0 = Debug|x64
		{E75472FB-6C71-4EA4-80A5-248BA8E7237D}.Debug|x86.ActiveCfg = Debug|Win32
		{E75472FB-6C71-4EA4-80A5-248BA8E7237D}.Debug|x86.Build.0 = Debug|Win32
		{E75472FB-6C71-4EA4-80A5-248BA8E7237D}.Release|x64.ActiveCfg = Release|x64
		{E75472FB-6C71-4EA4-80A5-248BA8E7237D}.Release|x64.Build.0 = Release|x64
		{E75472FB-6C71-4EA4-80A5-248BA8E7237D}.Release|x86.ActiveCfg = Release|Win32
		{E75472FB-6C71-4EA4-80A5-248BA8E7237D}.Release|x86.Build.0 = Release|Win32
		{93F03BD7-CA50-4E59-BECB-651D9FCC1481}.Debug|x64.ActiveCfg = Debug|x64
		{93F03BD7-CA50-4E59-BECB-651D9FCC1481}.Debug|x64.Build.0 = Debug|x64
		{93F03BD7-CA50-4E59-BECB-651D9FCC1481}.Debug|x86.ActiveCfg = Debug|Win32
		{93F03BD7-CA50-4E59-BECB-651D9FCC1481}.Debug|x86.Build.0 = Debug|Win32
		{93F03BD7-CA50-4E59-BECB-651D9FCC1481}.Release|x64.ActiveCfg = Release|x64
		{93F03BD7-CA50-4E59-BECB-651D9FCC1481}.Release|x64.Build.0 = Release|x64
		{93F03BD7-CA50-4E59-BECB-651D9FCC1481}.Release|x86.ActiveCfg = Release|Win32
		{93F03BD7-CA50-4E59-BECB-651D9FCC1481}.Release|x86.Build.0 = Release|Win32
		{D064FAA6-FDBC-4042-902C-07CB9E618B64}.Debug|x64.ActiveCfg = Debug|x64
		{D064FAA6-FDBC-4042-902C-07CB9E618B64}.Debug|x64.Build.0 = Debug|x64
		{D064FAA6-FDBC-4042-902C-07CB9E618B64}.Debug|x86.ActiveCfg = Debug|Win32
		{D064FAA6-FDBC-4042-902C-07CB9E618B64}.Debug|x86.Build.0 = Debug|Win32
		{D064FAA6-FDBC-4042-902C-07CB9E618B64}.Release|x64.ActiveCfg = Release|x64
		{D064FAA6-FDBC-4042-902C-07CB9E618B64}.Release|x64.Build.0 = Release|x64
		{D064FAA6-FDBC-4042-902C-07CB9E618B64}.Release|x86.ActiveCfg = Release|Win32
		{D064FAA6-FDBC-4042-902C-07CB9E618B64}.Release|x86.Build.0 = Release|Win32
		{0C285BC9-51D1-4E56-B0A4-AAFF092E2B5D}.Debug|x64.ActiveCfg = Debug|x64
		{0C285BC9-51D1-4E56-B0A4-AAFF092E2B5D}.Debug|x64.Build.0 = Debug|x64
		{0C285BC9-51D1-4E56-B0A4-AAFF092E2B5D}.Debug|x86.ActiveCfg = Debug|Win32
		{0C285BC9-51D1-4E56-B0A4-AAFF092E2B5D}.Debug|x86.Build.0 = Debug|Win32
		{0C285BC9-51D1-4E56-B0A4-AAFF092E2B5D}.Release|x64.ActiveCfg = Release|x64
		{0C285BC9-51D1-4E56-B0A4-AAFF092E2B5D}.Release|x64.Build.0 = Release|x64
		{0C285BC9-51D1-4E56-B0A4-AAFF092E2B5D}.Release|x86.ActiveCfg = Release|Win32
		{0C285BC9-51D1-4E56-B0A4-AAFF092E2B5D}.Release|x86.Build.0 = Release|Win32
		{2367AE76-EE94-473D-A8B9-5EBE59F4608D}.Debug|x64.ActiveCfg = Debug|x64
		{2367AE76-EE94-473D-A8B9-5EBE59F4608D}.Debug|x64.Build.0 = Debug|x64
		{2367AE76-EE94-473D-A8B9-5EBE59F4608D}.Debug|x86.ActiveCfg = Debug|Win32
		{2367AE76-EE94-473D-A8B9-5EBE59F4608D}.Debug|x86.Build.0 = Debug|Win32
		{2367AE76-EE94-473D-A8B9-5EBE59F4608D}.Release|x64.ActiveCfg = Release|x64
		{2367AE76-EE94-473D-A8B9-5EBE59F4608D}.Release|x64.Build.0 = Release|x64
		{2367AE76-EE94-473D-A8B9-5EBE59F4608D}.Release|x86.ActiveCfg = Release|Win32
		{2367AE76-EE94-473D-A8B9-5EBE59F4608D}.Release|x86.Build.0 = Release|Win32
		{A723D0F6-5AA9-4262-9481-46D9AC8A9112}.Debug|x64.ActiveCfg = Debug|x64
		{A723D0F6-5AA9-4262-9481-46D9AC8A9112}.Debug|x64.Build.0 = Debug|x64
		{A723D0F6-5AA9-4262-9481-46D9AC8A9112}.Debug|x86.ActiveCfg = Debug|Win32
		{A723D0F6-5AA9-4262-9481-46D9AC8A9112}.Debug|x86.Build.0 = Debug|Win32
		{A723D0F6-5AA9-4262-9481-46D9AC8A9112}.Release|x64.ActiveCfg = Release|x64
		{A723D0F6-5AA9-4262-9481-46D9AC8A9112}.Release|x64.Build.0 = Release|x64
		{A723D0F6-5AA9-4262-9481-46D9AC8A9112}.Release|x86.ActiveCfg = Release|Win32
		{A723D0F6-5AA9-4262-9481-46D9AC8A9112}.Release|x86.Build.0 = Release|Win32
		{A4CF607C-33E7-4D9F-8FBE-ED9DE2B02144}.Debug|x64.ActiveCfg = Debug|x64
		{A4CF607C-33E7-4D9F-8FBE-ED9DE2B02144}.Debug|x64.Build.0 = Debug|x64
		{A4CF607C-33E7-4D9F-8FBE-ED9DE2B02144}.Debug|x86.ActiveCfg = Debug|Win32
		{A4CF607C-33E7-4D9F-8FBE-ED9DE2B02144}.Debug|x86.Build.0 = Debug|Win32
		{A4CF607C-33E7-4D9F-8FBE-ED9DE2B02144}.Release|x64.ActiveCfg = Release|x64
		{A4CF607C-33E7-4D9F-8FBE-ED9DE2B02144}.Release|x64.Build.0 = Release|x64
		{A4CF607C-33E7-4D9F-8FBE-ED9DE2B02144}.Release|x86.ActiveCfg = Release|Win32
		{A4CF607C-33E7-4D9F-8FBE-ED9DE2B02144}.Release|x86.Build.0 = Release|Win32
		{C6ABB346-1292-465B-91BD-42C53DBE474B}.Debug|x64.ActiveCfg = Debug|x64
		{C6ABB346-1292-465B-91BD-42C53DBE474B}.Debug|x64.Build.0 = Debug|x64
		{C6ABB346-1292-465B-91BD-42C53DBE474B}.Debug|x86.ActiveCfg = Debug|Win32
		{C6ABB346-1292-465B-91BD-42C53DBE474B}.Debug|x86.Build.0 = Debug|Win32
		{C6ABB346-1292-465B-91BD-42C53DBE474B}.Release|x64.ActiveCfg = Release|x64
		{C6ABB346-1292-465B-91BD-42C53DBE474B}.Release|x64.Build.0 = Release|x64
		{C6ABB346-1292-465B-91BD-42C53DBE474B}.Release|x86.ActiveCfg = Release|Win32
		{C6ABB346-1292-465B-91BD-42C53DBE474B}.Release|x86.Build.0 = Release|Win32
		{35B583D2-36AD-438B-BECE-6EA847E20F6A}.Debug|x64.ActiveCfg = Debug|x64
		{35B583D2-36AD-438B-BECE-6EA847E20F6A}.Debug|x64.Build.0 = Debug|x64
		{35B583D2-36AD-438B-BECE-6EA847E20F6A}.Debug|x86.ActiveCfg = Debug|Win32
		{35B583D2-36AD-438B-BECE-6EA847E20F6A}.Debug|x86.Build.0 = Debug|Win32
		{35B583D2-36AD-438B-BECE-6EA847E20F6A}.Release|x64.ActiveCfg = Release|x64
		{35B583D2-36AD-438B-BECE-6EA847E20F6A}.Release|x64.Build.0 = Release|x64
		{35B583D2-36AD-438B-BECE-6EA847E20F6A}.Release|x86.ActiveCfg = Release|Win32
		{35B583D2-36AD-438B-BECE-6EA847E20F6A}.Release|x86.Build.0 = Release|Win32
		{674761BA-0ADF-49AA-A17F-012460221C66}.Debug|x64.ActiveCfg = Debug|x64
		{674761BA-0ADF-49AA-A17F-012460221C66}.Debug|x64.Build.0 = Debug|x64
		{674761BA-0ADF-49AA-A17F-012460221C66}.Debug|x86.ActiveCfg = Debug|Win32
		{674761BA-0ADF-49AA-A17F-012460221C66}.Debug|x86.Build.0 = Debug|Win32
		{674761BA-0ADF-49AA-A17F-012460221C66}.Release|x64.ActiveCfg = Release|x64
		{674761BA-0ADF-49AA-A17F-012460221C66}.Release|x64.Build.0 = Release|x64
		{674761BA-0ADF-49AA-A17F-012460221C66}.Release|x86.ActiveCfg = Release|Win32
		{674761BA-0ADF-49AA-A17F-012460221C66}.Release|x86.Build.0 = Release|Win32
		{0F5D8593-2BF9-483F-9296-4CA8640173BB}.Debug|x64.ActiveCfg = Debug|x64
		{0F5D8593-2BF9-483F-9296-4CA8640173BB}.Debug|x64.Build.0 = Debug|x64
		{0F5D8593-2BF9-483F-9296-4CA8640173BB}.Debug|x86.ActiveCfg = Debug|Win32
		{0F5D8593-2BF9-483F-9296-4CA8640173BB}.Debug|x86.Build.0 = Debug|Win32
		{0F5D8593-2BF9-483F-9296-4CA8640173BB}.Release|x64.ActiveCfg = Release|x64
		{0F5D8593-2BF9-483F-9296-4CA8640173BB}.Release|x64.Build.0 = Release|x64
		{0F5D8593-2BF9-483F-9296-4CA8640173BB}.Release|x86.ActiveCfg = Release|Win32
		{0F5D8593-2BF9-483F-9296-4CA8640173BB}.Release|x86.Build.0 = Release|Win32
		{1E363488-6CDE-4276-A81C-7B6D4BB9D8A0}.Debug|x64.ActiveCfg = Debug|x64
		{1E363488-6CDE-4276-A81C-7B6D4BB9D8A0}.Debug|x64.Build.0 = Debug|x64
		{1E363488-6CDE-4276-A81C-7B6D4BB9D8A0}.Debug|x86.ActiveCfg = Debug|Win32
		{1E363488-6CDE-4276-A81C-7B6D4BB9D8A0}.Debug|x86.Build.0 = Debug|Win32
		{1E363488-6CDE-4276-A81C-7B6D4BB9D8A0}.Release|x64.ActiveCfg = Release|x64
		{1E363488-6CDE-4276-A81C-7B6D4BB9D8A0}.Release|x64.Build.0 = Release|x64
		{1E363488-6CDE-4276-A81C-7B6D4BB9D8A0}.Release|x86.ActiveCfg = Release|Win32
		{1E363488-6CDE-4276-A81C-7B6D4BB9D8A0}.Release|x86.Build.0 = Release|Win32
		{2D37B9ED-47C5-476E-9520-AEBC27D2734C}.Debug|x64.ActiveCfg = Debug|x64
		{2D37B9ED-47C5-476E-9520-AEBC27D2734C}.Debug|x64.Build.0 = Debug|x64
		{2D37B9ED-47C5-476E-9520-AEBC27D2734C}.Debug|x86.ActiveCfg = Debug|Win32
		{2D37B9ED-47C5-476E-9520-AEBC27D2734C}.Debug|x86.Build.0 = Debug|Win32
		{2D37B9ED-47C5-476E-9520-AEBC27D2734C}.Release|x64.ActiveCfg = Release|x64
		{2D37B9ED-47C5-476E-9520-AEBC27D2734C}.Release|x64.Build.0 = Release|x64
		{2D37B9ED-47C5-476E-9520-AEBC27D2734C}.Release|x86.ActiveCfg = Release|Win32
		{2D37B9ED-47C5-476E-9520-AEBC27D2734C}.Release|x86.Build.0 = Release|Win32
		{BCD6D610-263A-49B0-ABC8-5FEF3B58C122}.Debug|x64.ActiveCfg = Debug|x64
		{BCD6D610-263A-49B0-ABC8-5FEF3B58C122}.Debug|x64.Build.0 = Debug|x64
		{BCD6D610-263A-49B0-ABC8-5FEF3B58C122}.Debug|x86.ActiveCfg = Debug|Win32
		{BCD6D610-263A-49B0-ABC8-5FEF3B58C122}.Debug|x86.Build.0 = Debug|Win32
		{BCD6D610-263A-49B0-ABC8-5FEF3B58C122}.Release|x64.ActiveCfg = Release|x64
		{BCD6D610-263A-49B0-ABC8-5FEF3B58C122}.Release|x64.Build.0 = Release|x64
		{BCD6D610-263A-49B0-ABC8-5FEF3B58C122}.Release|x86.ActiveCfg = Release|Win32
		{BCD6D610-263A-49B0-ABC8-5FEF3B58C122}.Release|x86.Build.0 = Release|Win32
		{474401C5-4BD3-40B1-8A28-975C819E00A5}.Debug|x64.ActiveCfg = Debug|x64
		{474401C5-4BD3-40B1-8A28-975C819E00A5}.Debug|x64.Build.0 = Debug|x64
		{474401C5-4BD3-40B1-8A28-975C819E00A5}.Debug|x86.ActiveCfg = Debug|Win32
		{474401C5-4BD3-40B1-8A28-975C819E00A5}.Debug|x86.Build.0 = Debug|Win32
		{474401C5-4BD3-40B1-8A28-975C819E00A5}.Release|x64.ActiveCfg = Release|x64
		{474401C5-4BD3-40B1-8A28-975C819E00A5}.Release|x64.Build.0 = Release|x64
		{474401C5-4BD3-40B1-8A28-975C819E00A5}.Release|x86.ActiveCfg = Release|Win32
		{474401C5-4BD3-40B1-8A28-975C819E00A5}.Release|x86.Build.0 = Release|Win32
		{DB1B4586-2C1D-49EA-BEFE-84480A3B87F4}.Debug|x64.ActiveCfg = Debug|x64
		{DB1B4586-2C1D-49EA-BEFE-84480A3B87F4}.Debug|x64.Build.0 = Debug|x64
		{DB1B4586-2C1D-49EA-BEFE-84480A3B87F4}.Debug|x86.ActiveCfg = Debug|Win32
		{DB1B4586-2C1D-49EA-BEFE-84480A3B87F4}.Debug|x86.Build.0 = Debug|Win32
		{DB1B4586-2C1D-49EA-BEFE-84480A3B87F4}.Release|x64.ActiveCfg = Release|x64
		{DB1B4586-2C1D-49EA-BEFE-84480A3B87F4}.Release|x64.Build.0 = Release|x64
		{DB1B4586-2C1D-49EA-BEFE-84480A3B87F4}.Release|x86.ActiveCfg = Release|Win32
		{DB1B4586-2C1D-49EA-BEFE-84480A3B87F4}.Release|x86.Build.0 = Release|Win32
		{367C4CAD-E650-465D-9277-0E134A8E9636}.Debug|x64.ActiveCfg = Debug|x64
		{367C4CAD-E650-465D-9277-0E134A8E9636}.Debug|x64.Build.0 = Debug|x64
		{367C4CAD-E650-465D-9277-0E134A8E9636}.Debug|x86.ActiveCfg = Debug|Win32
		{367C4CAD-E650-465D-9277-0E134A8E9636}.Debug|x86.Build.0 = Debug|Win32
		{367C4CAD-E650-465D-9277-0E134A8E9636}.Release|x64.ActiveCfg = Release|x64
		{367C4CAD-E650-465D-9277-0E134A8E9636}.Release|x64.Build.0 = Release|x64
		{367C4CAD-E650-465D-9277-0E134A8E9636}.Release|x86.ActiveCfg = Release|Win32
		{367C4CAD-E650-465D-9277-0E134A8E9636}.Release|x86.Build.0 = Release|Win32
		{44D0B648-552E-499C-9716-3769662C3E57}.Debug|x64.ActiveCfg = Debug|x64
		{44D0B648-552E-499C-9716-3769662C3E57}.Debug|x64.Build.0 = Debug|x64
		{44D0B648-552E-499C-9716-3769662C3E57}.Debug|x86.ActiveCfg = Debug|Win32
		{44D0B648-552E-499C-9716-3769662C3E57}.Debug|x86.Build.0 = Debug|Win32
		{44D0B648-552E-499C-9716-3769662C3E57}.Release|x64.ActiveCfg = Release|x64
		{44D0B648-552E-499C-9716-3769662C3E57}.Release|x64.Build.0 = Release|x64
		{44D0B648-552E-499C-9716-3769662C3E57}.Release|x86.ActiveCfg = Release|Win32
		{44D0B648-552E-499C-9716-3769662C3E57}.Release|x86.Build.0 = Release|Win32
		{E81C6092-8A0B-4BB4-8776-272B820D3071}.Debug|x64.ActiveCfg = Debug|x64
		{E81C6092-8A0B-4BB4-8776-272B820D3071}.Debug|x64.Build.0 = Debug|x64
		{E81C6092-8A0B-4BB4-8776-272B820D3071}.Debug|x86.ActiveCfg = Debug|Win32
		{E81C6092-8A0B-4BB4-8776-272B820D3071}.Debug|x86.Build.0 = Debug|Win32
		{E81C6092-8A0B-4BB4-8776-272B820D3071}.Release|x64.ActiveCfg = Release|x64
		{E81C6092-8A0B-4BB4-8776-272B820D3071}.Release|x64.Build.0 = Release|x64
		{E81C6092-8A0B-4BB4-8776-272B820D3071}.Release|x86.ActiveCfg = Release|Win32
		{E81C6092-8A0B-4BB4-8776-272B820D3071}.Release|x86.Build.0 = Release|Win32
		{AE6FBE4B-752E-4198-8ABD-B890EC71DCDE}.Debug|x64.ActiveCfg = Debug|x64
		{AE6FBE4B-752E-4198-8ABD-B890EC71DCDE}.Debug|x64.Build.0 = Debug|x64
		{AE6FBE4B-752E-4198-8ABD-B890EC71DCDE}.Debug|x86.ActiveCfg = Debug|Win32
		{AE6FBE4B-752E-4198-8ABD-B890EC71DCDE}.Debug|x86.Build.0 = Debug|Win32
		{AE6FBE4B-752E-4198-8ABD-B890EC71DCDE}.Release|x64.ActiveCfg = Release|x64
		{AE6FBE4B-752E-4198-8ABD-B890EC71DCDE}.Release|x64.Build.0 = Release|x64
		{AE6FBE4B-752E-4198-8ABD-B890EC71DCDE}.Release|x86.ActiveCfg = Release|Win32
		{AE6FBE4B-752E-4198-8ABD-B890EC71DCDE}.Release|x86.Build.0 = Release|Win32
		{6FA4E4B7-25B2-4A8E-BF7C-EC91B9C543CA}.Debug|x64.ActiveCfg = Debug|x64
		{6FA4E4B7-25B2-4A8E-BF7C-EC91B9C543CA}.Debug|x64.Build.0 = Debug|x64
		{6FA4E4B7-25B2-4A8E-BF7C-EC91B9C543CA}.Debug|x86.ActiveCfg = Debug|Win32
		{6FA4E4B7-25B2-4A8E-BF7C-EC91B9C543CA}.Debug|x86.Build.0 = Debug|Win32
		{6FA4E4B7-25B2-4A8E-BF7C-EC91B9C543CA}.Release|x64.ActiveCfg = Release|x64
		{6FA4E4B7-25B2-4A8E-BF7C-EC91B9C543CA}.Release|x64.Build.0 = Release|x64
		{6FA4E4B7-25B2-4A8E-BF7C-EC91B9C543CA}.Release|x86.ActiveCfg = Release|Win32
		{6FA4E4B7-25B2-4A8E-BF7C-EC91B9C543CA}.Release|x86.Build.0 = Release|Win32
		{F7656EF4-3A23-4D72-B909-D6E6E0DC2814}.Debug|x64.ActiveCfg = Debug|x64
		{F7656EF4-3A23-4D72-B909-D6E6E0DC2814}.Debug|x64.Build.0 = Debug|x64
		{F7656EF4-3A23-4D72-B909-D6E6E0DC2814}.Debug|x86.ActiveCfg = Debug|Win32
		{F7656EF4-3A23-4D72-B909-D6E6E0DC2814}.Debug|x86.Build.0 = Debug|Win32
		{F7656EF4-3A23-4D72-B909-D6E6E0DC2814}.Release|x64.ActiveCfg = Release|x64
		{F7656EF4-3A23-4D72-B909-D6E6E0DC2814}.Release|x64.Build.0 = Release|x64
		{F7656EF4-3A23-4D72-B909-D6E6E0DC2814}.Release|x86.ActiveCfg = Release|Win32
		{F7656EF4-3A23-4D72-B909-D6E6E0DC2814}.Release|x86.Build.0 = Release|Win32
		{BC4D9FC1-3651-461C-8D81-23ED591437DB}.Debug|x64.ActiveCfg = Debug|x64
		{BC4D9FC1-3651-461C-8D81-23ED591437DB}.Debug|x64.Build.0 = Debug|x64
		{BC4D9FC1-3651-461C-8D81-23ED591437DB}.Debug|x86.ActiveCfg = Debug|Win32
		{BC4D9FC1-3651-461C-8D81-23ED591437DB}.Debug|x86.Build.0 = Debug|Win32
		{BC4D9FC1-3651-461C-8D81-23ED591437DB}.Release|x64.ActiveCfg = Release|x64
		{BC4D9FC1-3651-461C-8D81-23ED591437DB}.Release|x64.Build.0 = Release|x64
		{BC4D9FC1-3651-461C-8D81-23ED591437DB}.Release|x86.ActiveCfg = Release|Win32
		{BC4D9FC1-3651-461C-8D81-23ED591437DB}.Release|x86.Build.0 = Release|Win32
		{69619924-4F7E-4E03-83D1-E28A2F3E47E2}.Debug|x64.ActiveCfg = Debug|x64
		{69619924-4F7E-4E03-83D1-E28A2F3E47E2}.Debug|x64.Build.0 = Debug|x64
		{69619924-4F7E-4E03-83D1-E28A2F3E47E2}.Debug|x86.ActiveCfg = Debug|Win32
		{69619924-4F7E-4E03-83D1-E28A2F3E47E2}.Debug|x86.Build.0 = Debug|Win32
		{69619924-4F7E-4E03-83D1-E28A2F3E47E2}.Release|x64.ActiveCfg = Release|x64
		{69619924-4F7E-4E03-83D1-E28A2F3E47E2}.Release|x64.Build.0 = Release|x64
		{69619924-4F7E-4E03-83D1-E28A2F3E47E2}.Release|x86.ActiveCfg = Release|Win32
		{69619924-4F7E-4E03-83D1-E28A2F3E47E2}.Release|x86.Build.0 = Release|Win32
		{61E8AC66-975A-4851-A374-505C16B33007}.Debug|x64.ActiveCfg = Debug|x64
		{61E8AC66-975A-4851-A374-505C16B33007}.Debug|x64.Build.0 = Debug|x64
		{61E8AC66-975A-4851-A374-505C16B33007}.Debug|x86.ActiveCfg = Debug|Win32
		{61E8AC66-975A-4851-A374-505C16B33007}.Debug|x86.Build.0 = Debug|Win32
		{61E8AC66-975A-4851-A374-505C16B33007}.Release|x64.ActiveCfg = Release|x64
		{61E8AC66-975A-4851-A374-505C16B33007}.Release|x64.Build.0 = Release|x64
		{61E8AC66-975A-4851-A374-505C16B33007}.Release|x86.ActiveCfg = Release|Win32
		{61E8AC66-975A-4851-A374-505C16B33007}.Release|x86.Build.0 = Release|Win32
		{905C2007-3875-4660-B585-116DC236DEE9}.Debug|x64.ActiveCfg = Debug|x64
		{905C2007-3875-4660-B585-116DC236DEE9}.Debug|x64.Build.0 = Debug|x64
		{905C2007-3875-4660-B585-116DC236DEE9}.Debug|x86.ActiveCfg = Debug|Win32
		{905C2007-3875-4660-B585-116DC236DEE9}.Debug|x86.Build.0 = Debug|Win32
		{905C2007-3875-4660-B585-116DC236DEE9}.Release|x64.ActiveCfg = Release|x64
		{905C2007-3875-4660-B585-116DC236DEE9}.Release|x64.Build.0 = Release|x64
		{905C2007-3875-4660-B585-116DC236DEE9}.Release|x86.ActiveCfg = Release|Win32
		{905C2007-3875-4660-B585-116DC236DEE9}.Release|x86.Build.0 = Release|Win32
		{4C0FC521-CFC8-41F6-B2E3-00998166EE37}.Debug|x64.ActiveCfg = Debug|x64
		{4C0FC521-CFC8-41F6-B2E3-00998166EE37}.Debug|x64.Build.0 = Debug|x64
		{4C0FC521-CFC8-41F6-B2E3-00998166EE37}.Debug|x86.ActiveCfg = Debug|Win32
		{4C0FC521-CFC8-41F6-B2E3-00998166EE37}.Debug|x86.Build.0 = Debug|Win32
		{4C0FC521-CFC8-41F6-B2E3-00998166EE37}.Release|x64.ActiveCfg = Release|x64
		{4C0FC521-CFC8-41F6-B2E3-00998166EE37}.Release|x64.Build.0 = Release|x64
		{4C0FC521-CFC8-41F6-B2E3-00998166EE37}.Release|x86.ActiveCfg = Release|Win32
		{4C0FC521-CFC8-41F6-B2E3-00998166EE37}.Release|x86.Build.0 = Release|Win32
	EndGlobalSection
	GlobalSection(SolutionProperties) = preSolution
		HideSolutionNode = FALSE
	EndGlobalSection
	GlobalSection(ExtensibilityGlobals) = postSolution
		SolutionGuid = {9C1C790B-CC8F-4359-B5EF-96F202EB14EE}
	EndGlobalSection
EndGlobal
