
Microsoft Visual Studio Solution File, Format Version 12.00
# Visual Studio Version 17
VisualStudioVersion = 17.0.32112.339
MinimumVisualStudioVersion = 10.0.40219.1
Project("{8BC9CEB8-8B4A-11D0-8D11-00A0C91BC942}") = "test", "test\test.vcxproj", "{D3C3F3D8-D13F-4C1C-BD4A-A17CE28FC9D1}"
EndProject
Project("{8BC9CEB8-8B4A-11D0-8D11-00A0C91BC942}") = "1-1三数论大小（指针）", "1-1三数论大小（指针）\1-1三数论大小（指针）.vcxproj", "{53E45401-B259-4256-86AF-BDE1F0267AA5}"
EndProject
Project("{8BC9CEB8-8B4A-11D0-8D11-00A0C91BC942}") = "1-2货币兑换（指针与常量）", "1-2货币兑换（指针与常量）\1-2货币兑换（指针与常量）.vcxproj", "{CB4FFEAA-BDAA-4DD3-9C2F-E5E7DCA4A97B}"
EndProject
Project("{8BC9CEB8-8B4A-11D0-8D11-00A0C91BC942}") = "1-5矩阵左转（指针与数组）", "1-5矩阵左转（指针与数组）\1-5矩阵左转（指针与数组）.vcxproj", "{5D5EF00B-32C4-40DF-BB80-9CFDF3A2D9BC}"
EndProject
Project("{8BC9CEB8-8B4A-11D0-8D11-00A0C91BC942}") = "1-3动态数组（指针与数组）", "1-3动态数组（指针与数组）\1-3动态数组（指针与数组）.vcxproj", "{ED7737A8-1686-49DB-A23C-B12E7E796C0A}"
EndProject
Project("{8BC9CEB8-8B4A-11D0-8D11-00A0C91BC942}") = "1-4三串合一（指针与字符数组）", "1-4三串合一（指针与字符数组）\1-4三串合一（指针与字符数组）.vcxproj", "{DA1ECB30-D05B-4DE4-A26E-534E449558DD}"
EndProject
Project("{8BC9CEB8-8B4A-11D0-8D11-00A0C91BC942}") = "2-2字符串比较（指针与字符）", "2-2字符串比较（指针与字符）\2-2字符串比较（指针与字符）.vcxproj", "{ACA1D091-E794-4C2F-9E46-109173E85CEE}"
EndProject
Project("{8BC9CEB8-8B4A-11D0-8D11-00A0C91BC942}") = "2-3成绩查询（指针运算）", "2-3成绩查询（指针运算）\2-3成绩查询（指针运算）.vcxproj", "{6C260C09-E218-4CEB-81C4-9F69A62AA0A5}"
EndProject
Project("{8BC9CEB8-8B4A-11D0-8D11-00A0C91BC942}") = "2-4动态矩阵（指针与堆内存分配）", "2-4动态矩阵（指针与堆内存分配）\2-4动态矩阵（指针与堆内存分配）.vcxproj", "{C2F6C0EB-EBF9-4211-9C87-BB450F584CBC}"
EndProject
Project("{8BC9CEB8-8B4A-11D0-8D11-00A0C91BC942}") = "2-5密钥加密法（指针应用）", "2-5密钥加密法（指针应用）\2-5密钥加密法（指针应用）.vcxproj", "{AB5C95C5-0DEE-4F51-B04F-56055A05DEC3}"
EndProject
Project("{8BC9CEB8-8B4A-11D0-8D11-00A0C91BC942}") = "2-1月份查询（指针数组）", "2-1月份查询（指针数组）\2-1月份查询（指针数组）.vcxproj", "{565C2C5A-D04A-47A2-B387-963E9A5CA5B7}"
EndProject
Project("{8BC9CEB8-8B4A-11D0-8D11-00A0C91BC942}") = "3-1三数论大小（引用）", "3-1三数论大小（引用）\3-1三数论大小（引用）.vcxproj", "{F945EB70-B246-4219-A8AC-2B9E7704E584}"
EndProject
Project("{8BC9CEB8-8B4A-11D0-8D11-00A0C91BC942}") = "3-2谁是老二（结构体）", "3-2谁是老二（结构体）\3-2谁是老二（结构体）.vcxproj", "{A9D29BD8-80E1-4984-9041-DD7F90714439}"
EndProject
Project("{8BC9CEB8-8B4A-11D0-8D11-00A0C91BC942}") = "3-3抄袭查找（结构体+指针+函数）", "3-3抄袭查找（结构体+指针+函数）\3-3抄袭查找（结构体+指针+函数）.vcxproj", "{749CF82B-AF53-48B4-B044-3713392549B6}"
EndProject
Project("{8BC9CEB8-8B4A-11D0-8D11-00A0C91BC942}") = "3-4小票输入输出（结构体）", "3-4小票输入输出（结构体）\3-4小票输入输出（结构体）.vcxproj", "{077F9E8B-61A7-4DF8-8E72-4B0323EED3EA}"
EndProject
Project("{8BC9CEB8-8B4A-11D0-8D11-00A0C91BC942}") = "3-5求最大值最小值（引用）", "3-5求最大值最小值（引用）\3-5求最大值最小值（引用）.vcxproj", "{41C933BC-B5BA-4E4F-A7C7-5E2922AF24F8}"
EndProject
Project("{8BC9CEB8-8B4A-11D0-8D11-00A0C91BC942}") = "4-1对象数组（类和对象）", "4-1对象数组（类和对象）\4-1对象数组（类和对象）.vcxproj", "{30611269-09E6-49C8-BECB-D6850B709C1E}"
EndProject
Project("{8BC9CEB8-8B4A-11D0-8D11-00A0C91BC942}") = "4-2存折类定义（类与对象）", "4-2存折类定义（类与对象）\4-2存折类定义（类与对象）.vcxproj", "{0EF7EFD5-3233-45BB-94FE-0453057E05F8}"
EndProject
Project("{8BC9CEB8-8B4A-11D0-8D11-00A0C91BC942}") = "4-3点和圆 (类与对象)", "4-3点和圆 (类与对象)\4-3点和圆 (类与对象).vcxproj", "{BEF2D02A-DB4A-456F-92E4-71E4667EB4C6}"
EndProject
Project("{8BC9CEB8-8B4A-11D0-8D11-00A0C91BC942}") = "4-4最胖的加菲（类与对象+数组）", "4-4最胖的加菲（类与对象+数组）\4-4最胖的加菲（类与对象+数组）.vcxproj", "{43BC277A-446C-474B-9684-67635D08EE99}"
EndProject
Project("{8BC9CEB8-8B4A-11D0-8D11-00A0C91BC942}") = "4-5身体评估（类与对象）", "4-5身体评估（类与对象）\4-5身体评估（类与对象）.vcxproj", "{C9820C74-3B7F-44E5-981D-6F71769C169D}"
EndProject
Global
	GlobalSection(SolutionConfigurationPlatforms) = preSolution
		Debug|x64 = Debug|x64
		Debug|x86 = Debug|x86
		Release|x64 = Release|x64
		Release|x86 = Release|x86
	EndGlobalSection
	GlobalSection(ProjectConfigurationPlatforms) = postSolution
		{D3C3F3D8-D13F-4C1C-BD4A-A17CE28FC9D1}.Debug|x64.ActiveCfg = Debug|x64
		{D3C3F3D8-D13F-4C1C-BD4A-A17CE28FC9D1}.Debug|x64.Build.0 = Debug|x64
		{D3C3F3D8-D13F-4C1C-BD4A-A17CE28FC9D1}.Debug|x86.ActiveCfg = Debug|Win32
		{D3C3F3D8-D13F-4C1C-BD4A-A17CE28FC9D1}.Debug|x86.Build.0 = Debug|Win32
		{D3C3F3D8-D13F-4C1C-BD4A-A17CE28FC9D1}.Release|x64.ActiveCfg = Release|x64
		{D3C3F3D8-D13F-4C1C-BD4A-A17CE28FC9D1}.Release|x64.Build.0 = Release|x64
		{D3C3F3D8-D13F-4C1C-BD4A-A17CE28FC9D1}.Release|x86.ActiveCfg = Release|Win32
		{D3C3F3D8-D13F-4C1C-BD4A-A17CE28FC9D1}.Release|x86.Build.0 = Release|Win32
		{53E45401-B259-4256-86AF-BDE1F0267AA5}.Debug|x64.ActiveCfg = Debug|x64
		{53E45401-B259-4256-86AF-BDE1F0267AA5}.Debug|x64.Build.0 = Debug|x64
		{53E45401-B259-4256-86AF-BDE1F0267AA5}.Debug|x86.ActiveCfg = Debug|Win32
		{53E45401-B259-4256-86AF-BDE1F0267AA5}.Debug|x86.Build.0 = Debug|Win32
		{53E45401-B259-4256-86AF-BDE1F0267AA5}.Release|x64.ActiveCfg = Release|x64
		{53E45401-B259-4256-86AF-BDE1F0267AA5}.Release|x64.Build.0 = Release|x64
		{53E45401-B259-4256-86AF-BDE1F0267AA5}.Release|x86.ActiveCfg = Release|Win32
		{53E45401-B259-4256-86AF-BDE1F0267AA5}.Release|x86.Build.0 = Release|Win32
		{CB4FFEAA-BDAA-4DD3-9C2F-E5E7DCA4A97B}.Debug|x64.ActiveCfg = Debug|x64
		{CB4FFEAA-BDAA-4DD3-9C2F-E5E7DCA4A97B}.Debug|x64.Build.0 = Debug|x64
		{CB4FFEAA-BDAA-4DD3-9C2F-E5E7DCA4A97B}.Debug|x86.ActiveCfg = Debug|Win32
		{CB4FFEAA-BDAA-4DD3-9C2F-E5E7DCA4A97B}.Debug|x86.Build.0 = Debug|Win32
		{CB4FFEAA-BDAA-4DD3-9C2F-E5E7DCA4A97B}.Release|x64.ActiveCfg = Release|x64
		{CB4FFEAA-BDAA-4DD3-9C2F-E5E7DCA4A97B}.Release|x64.Build.0 = Release|x64
		{CB4FFEAA-BDAA-4DD3-9C2F-E5E7DCA4A97B}.Release|x86.ActiveCfg = Release|Win32
		{CB4FFEAA-BDAA-4DD3-9C2F-E5E7DCA4A97B}.Release|x86.Build.0 = Release|Win32
		{5D5EF00B-32C4-40DF-BB80-9CFDF3A2D9BC}.Debug|x64.ActiveCfg = Debug|x64
		{5D5EF00B-32C4-40DF-BB80-9CFDF3A2D9BC}.Debug|x64.Build.0 = Debug|x64
		{5D5EF00B-32C4-40DF-BB80-9CFDF3A2D9BC}.Debug|x86.ActiveCfg = Debug|Win32
		{5D5EF00B-32C4-40DF-BB80-9CFDF3A2D9BC}.Debug|x86.Build.0 = Debug|Win32
		{5D5EF00B-32C4-40DF-BB80-9CFDF3A2D9BC}.Release|x64.ActiveCfg = Release|x64
		{5D5EF00B-32C4-40DF-BB80-9CFDF3A2D9BC}.Release|x64.Build.0 = Release|x64
		{5D5EF00B-32C4-40DF-BB80-9CFDF3A2D9BC}.Release|x86.ActiveCfg = Release|Win32
		{5D5EF00B-32C4-40DF-BB80-9CFDF3A2D9BC}.Release|x86.Build.0 = Release|Win32
		{ED7737A8-1686-49DB-A23C-B12E7E796C0A}.Debug|x64.ActiveCfg = Debug|x64
		{ED7737A8-1686-49DB-A23C-B12E7E796C0A}.Debug|x64.Build.0 = Debug|x64
		{ED7737A8-1686-49DB-A23C-B12E7E796C0A}.Debug|x86.ActiveCfg = Debug|Win32
		{ED7737A8-1686-49DB-A23C-B12E7E796C0A}.Debug|x86.Build.0 = Debug|Win32
		{ED7737A8-1686-49DB-A23C-B12E7E796C0A}.Release|x64.ActiveCfg = Release|x64
		{ED7737A8-1686-49DB-A23C-B12E7E796C0A}.Release|x64.Build.0 = Release|x64
		{ED7737A8-1686-49DB-A23C-B12E7E796C0A}.Release|x86.ActiveCfg = Release|Win32
		{ED7737A8-1686-49DB-A23C-B12E7E796C0A}.Release|x86.Build.0 = Release|Win32
		{DA1ECB30-D05B-4DE4-A26E-534E449558DD}.Debug|x64.ActiveCfg = Debug|x64
		{DA1ECB30-D05B-4DE4-A26E-534E449558DD}.Debug|x64.Build.0 = Debug|x64
		{DA1ECB30-D05B-4DE4-A26E-534E449558DD}.Debug|x86.ActiveCfg = Debug|Win32
		{DA1ECB30-D05B-4DE4-A26E-534E449558DD}.Debug|x86.Build.0 = Debug|Win32
		{DA1ECB30-D05B-4DE4-A26E-534E449558DD}.Release|x64.ActiveCfg = Release|x64
		{DA1ECB30-D05B-4DE4-A26E-534E449558DD}.Release|x64.Build.0 = Release|x64
		{DA1ECB30-D05B-4DE4-A26E-534E449558DD}.Release|x86.ActiveCfg = Release|Win32
		{DA1ECB30-D05B-4DE4-A26E-534E449558DD}.Release|x86.Build.0 = Release|Win32
		{ACA1D091-E794-4C2F-9E46-109173E85CEE}.Debug|x64.ActiveCfg = Debug|x64
		{ACA1D091-E794-4C2F-9E46-109173E85CEE}.Debug|x64.Build.0 = Debug|x64
		{ACA1D091-E794-4C2F-9E46-109173E85CEE}.Debug|x86.ActiveCfg = Debug|Win32
		{ACA1D091-E794-4C2F-9E46-109173E85CEE}.Debug|x86.Build.0 = Debug|Win32
		{ACA1D091-E794-4C2F-9E46-109173E85CEE}.Release|x64.ActiveCfg = Release|x64
		{ACA1D091-E794-4C2F-9E46-109173E85CEE}.Release|x64.Build.0 = Release|x64
		{ACA1D091-E794-4C2F-9E46-109173E85CEE}.Release|x86.ActiveCfg = Release|Win32
		{ACA1D091-E794-4C2F-9E46-109173E85CEE}.Release|x86.Build.0 = Release|Win32
		{6C260C09-E218-4CEB-81C4-9F69A62AA0A5}.Debug|x64.ActiveCfg = Debug|x64
		{6C260C09-E218-4CEB-81C4-9F69A62AA0A5}.Debug|x64.Build.0 = Debug|x64
		{6C260C09-E218-4CEB-81C4-9F69A62AA0A5}.Debug|x86.ActiveCfg = Debug|Win32
		{6C260C09-E218-4CEB-81C4-9F69A62AA0A5}.Debug|x86.Build.0 = Debug|Win32
		{6C260C09-E218-4CEB-81C4-9F69A62AA0A5}.Release|x64.ActiveCfg = Release|x64
		{6C260C09-E218-4CEB-81C4-9F69A62AA0A5}.Release|x64.Build.0 = Release|x64
		{6C260C09-E218-4CEB-81C4-9F69A62AA0A5}.Release|x86.ActiveCfg = Release|Win32
		{6C260C09-E218-4CEB-81C4-9F69A62AA0A5}.Release|x86.Build.0 = Release|Win32
		{C2F6C0EB-EBF9-4211-9C87-BB450F584CBC}.Debug|x64.ActiveCfg = Debug|x64
		{C2F6C0EB-EBF9-4211-9C87-BB450F584CBC}.Debug|x64.Build.0 = Debug|x64
		{C2F6C0EB-EBF9-4211-9C87-BB450F584CBC}.Debug|x86.ActiveCfg = Debug|Win32
		{C2F6C0EB-EBF9-4211-9C87-BB450F584CBC}.Debug|x86.Build.0 = Debug|Win32
		{C2F6C0EB-EBF9-4211-9C87-BB450F584CBC}.Release|x64.ActiveCfg = Release|x64
		{C2F6C0EB-EBF9-4211-9C87-BB450F584CBC}.Release|x64.Build.0 = Release|x64
		{C2F6C0EB-EBF9-4211-9C87-BB450F584CBC}.Release|x86.ActiveCfg = Release|Win32
		{C2F6C0EB-EBF9-4211-9C87-BB450F584CBC}.Release|x86.Build.0 = Release|Win32
		{AB5C95C5-0DEE-4F51-B04F-56055A05DEC3}.Debug|x64.ActiveCfg = Debug|x64
		{AB5C95C5-0DEE-4F51-B04F-56055A05DEC3}.Debug|x64.Build.0 = Debug|x64
		{AB5C95C5-0DEE-4F51-B04F-56055A05DEC3}.Debug|x86.ActiveCfg = Debug|Win32
		{AB5C95C5-0DEE-4F51-B04F-56055A05DEC3}.Debug|x86.Build.0 = Debug|Win32
		{AB5C95C5-0DEE-4F51-B04F-56055A05DEC3}.Release|x64.ActiveCfg = Release|x64
		{AB5C95C5-0DEE-4F51-B04F-56055A05DEC3}.Release|x64.Build.0 = Release|x64
		{AB5C95C5-0DEE-4F51-B04F-56055A05DEC3}.Release|x86.ActiveCfg = Release|Win32
		{AB5C95C5-0DEE-4F51-B04F-56055A05DEC3}.Release|x86.Build.0 = Release|Win32
		{565C2C5A-D04A-47A2-B387-963E9A5CA5B7}.Debug|x64.ActiveCfg = Debug|x64
		{565C2C5A-D04A-47A2-B387-963E9A5CA5B7}.Debug|x64.Build.0 = Debug|x64
		{565C2C5A-D04A-47A2-B387-963E9A5CA5B7}.Debug|x86.ActiveCfg = Debug|Win32
		{565C2C5A-D04A-47A2-B387-963E9A5CA5B7}.Debug|x86.Build.0 = Debug|Win32
		{565C2C5A-D04A-47A2-B387-963E9A5CA5B7}.Release|x64.ActiveCfg = Release|x64
		{565C2C5A-D04A-47A2-B387-963E9A5CA5B7}.Release|x64.Build.0 = Release|x64
		{565C2C5A-D04A-47A2-B387-963E9A5CA5B7}.Release|x86.ActiveCfg = Release|Win32
		{565C2C5A-D04A-47A2-B387-963E9A5CA5B7}.Release|x86.Build.0 = Release|Win32
		{F945EB70-B246-4219-A8AC-2B9E7704E584}.Debug|x64.ActiveCfg = Debug|x64
		{F945EB70-B246-4219-A8AC-2B9E7704E584}.Debug|x64.Build.0 = Debug|x64
		{F945EB70-B246-4219-A8AC-2B9E7704E584}.Debug|x86.ActiveCfg = Debug|Win32
		{F945EB70-B246-4219-A8AC-2B9E7704E584}.Debug|x86.Build.0 = Debug|Win32
		{F945EB70-B246-4219-A8AC-2B9E7704E584}.Release|x64.ActiveCfg = Release|x64
		{F945EB70-B246-4219-A8AC-2B9E7704E584}.Release|x64.Build.0 = Release|x64
		{F945EB70-B246-4219-A8AC-2B9E7704E584}.Release|x86.ActiveCfg = Release|Win32
		{F945EB70-B246-4219-A8AC-2B9E7704E584}.Release|x86.Build.0 = Release|Win32
		{A9D29BD8-80E1-4984-9041-DD7F90714439}.Debug|x64.ActiveCfg = Debug|x64
		{A9D29BD8-80E1-4984-9041-DD7F90714439}.Debug|x64.Build.0 = Debug|x64
		{A9D29BD8-80E1-4984-9041-DD7F90714439}.Debug|x86.ActiveCfg = Debug|Win32
		{A9D29BD8-80E1-4984-9041-DD7F90714439}.Debug|x86.Build.0 = Debug|Win32
		{A9D29BD8-80E1-4984-9041-DD7F90714439}.Release|x64.ActiveCfg = Release|x64
		{A9D29BD8-80E1-4984-9041-DD7F90714439}.Release|x64.Build.0 = Release|x64
		{A9D29BD8-80E1-4984-9041-DD7F90714439}.Release|x86.ActiveCfg = Release|Win32
		{A9D29BD8-80E1-4984-9041-DD7F90714439}.Release|x86.Build.0 = Release|Win32
		{749CF82B-AF53-48B4-B044-3713392549B6}.Debug|x64.ActiveCfg = Debug|x64
		{749CF82B-AF53-48B4-B044-3713392549B6}.Debug|x64.Build.0 = Debug|x64
		{749CF82B-AF53-48B4-B044-3713392549B6}.Debug|x86.ActiveCfg = Debug|Win32
		{749CF82B-AF53-48B4-B044-3713392549B6}.Debug|x86.Build.0 = Debug|Win32
		{749CF82B-AF53-48B4-B044-3713392549B6}.Release|x64.ActiveCfg = Release|x64
		{749CF82B-AF53-48B4-B044-3713392549B6}.Release|x64.Build.0 = Release|x64
		{749CF82B-AF53-48B4-B044-3713392549B6}.Release|x86.ActiveCfg = Release|Win32
		{749CF82B-AF53-48B4-B044-3713392549B6}.Release|x86.Build.0 = Release|Win32
		{077F9E8B-61A7-4DF8-8E72-4B0323EED3EA}.Debug|x64.ActiveCfg = Debug|x64
		{077F9E8B-61A7-4DF8-8E72-4B0323EED3EA}.Debug|x64.Build.0 = Debug|x64
		{077F9E8B-61A7-4DF8-8E72-4B0323EED3EA}.Debug|x86.ActiveCfg = Debug|Win32
		{077F9E8B-61A7-4DF8-8E72-4B0323EED3EA}.Debug|x86.Build.0 = Debug|Win32
		{077F9E8B-61A7-4DF8-8E72-4B0323EED3EA}.Release|x64.ActiveCfg = Release|x64
		{077F9E8B-61A7-4DF8-8E72-4B0323EED3EA}.Release|x64.Build.0 = Release|x64
		{077F9E8B-61A7-4DF8-8E72-4B0323EED3EA}.Release|x86.ActiveCfg = Release|Win32
		{077F9E8B-61A7-4DF8-8E72-4B0323EED3EA}.Release|x86.Build.0 = Release|Win32
		{41C933BC-B5BA-4E4F-A7C7-5E2922AF24F8}.Debug|x64.ActiveCfg = Debug|x64
		{41C933BC-B5BA-4E4F-A7C7-5E2922AF24F8}.Debug|x64.Build.0 = Debug|x64
		{41C933BC-B5BA-4E4F-A7C7-5E2922AF24F8}.Debug|x86.ActiveCfg = Debug|Win32
		{41C933BC-B5BA-4E4F-A7C7-5E2922AF24F8}.Debug|x86.Build.0 = Debug|Win32
		{41C933BC-B5BA-4E4F-A7C7-5E2922AF24F8}.Release|x64.ActiveCfg = Release|x64
		{41C933BC-B5BA-4E4F-A7C7-5E2922AF24F8}.Release|x64.Build.0 = Release|x64
		{41C933BC-B5BA-4E4F-A7C7-5E2922AF24F8}.Release|x86.ActiveCfg = Release|Win32
		{41C933BC-B5BA-4E4F-A7C7-5E2922AF24F8}.Release|x86.Build.0 = Release|Win32
		{30611269-09E6-49C8-BECB-D6850B709C1E}.Debug|x64.ActiveCfg = Debug|x64
		{30611269-09E6-49C8-BECB-D6850B709C1E}.Debug|x64.Build.0 = Debug|x64
		{30611269-09E6-49C8-BECB-D6850B709C1E}.Debug|x86.ActiveCfg = Debug|Win32
		{30611269-09E6-49C8-BECB-D6850B709C1E}.Debug|x86.Build.0 = Debug|Win32
		{30611269-09E6-49C8-BECB-D6850B709C1E}.Release|x64.ActiveCfg = Release|x64
		{30611269-09E6-49C8-BECB-D6850B709C1E}.Release|x64.Build.0 = Release|x64
		{30611269-09E6-49C8-BECB-D6850B709C1E}.Release|x86.ActiveCfg = Release|Win32
		{30611269-09E6-49C8-BECB-D6850B709C1E}.Release|x86.Build.0 = Release|Win32
		{0EF7EFD5-3233-45BB-94FE-0453057E05F8}.Debug|x64.ActiveCfg = Debug|x64
		{0EF7EFD5-3233-45BB-94FE-0453057E05F8}.Debug|x64.Build.0 = Debug|x64
		{0EF7EFD5-3233-45BB-94FE-0453057E05F8}.Debug|x86.ActiveCfg = Debug|Win32
		{0EF7EFD5-3233-45BB-94FE-0453057E05F8}.Debug|x86.Build.0 = Debug|Win32
		{0EF7EFD5-3233-45BB-94FE-0453057E05F8}.Release|x64.ActiveCfg = Release|x64
		{0EF7EFD5-3233-45BB-94FE-0453057E05F8}.Release|x64.Build.0 = Release|x64
		{0EF7EFD5-3233-45BB-94FE-0453057E05F8}.Release|x86.ActiveCfg = Release|Win32
		{0EF7EFD5-3233-45BB-94FE-0453057E05F8}.Release|x86.Build.0 = Release|Win32
		{BEF2D02A-DB4A-456F-92E4-71E4667EB4C6}.Debug|x64.ActiveCfg = Debug|x64
		{BEF2D02A-DB4A-456F-92E4-71E4667EB4C6}.Debug|x64.Build.0 = Debug|x64
		{BEF2D02A-DB4A-456F-92E4-71E4667EB4C6}.Debug|x86.ActiveCfg = Debug|Win32
		{BEF2D02A-DB4A-456F-92E4-71E4667EB4C6}.Debug|x86.Build.0 = Debug|Win32
		{BEF2D02A-DB4A-456F-92E4-71E4667EB4C6}.Release|x64.ActiveCfg = Release|x64
		{BEF2D02A-DB4A-456F-92E4-71E4667EB4C6}.Release|x64.Build.0 = Release|x64
		{BEF2D02A-DB4A-456F-92E4-71E4667EB4C6}.Release|x86.ActiveCfg = Release|Win32
		{BEF2D02A-DB4A-456F-92E4-71E4667EB4C6}.Release|x86.Build.0 = Release|Win32
		{43BC277A-446C-474B-9684-67635D08EE99}.Debug|x64.ActiveCfg = Debug|x64
		{43BC277A-446C-474B-9684-67635D08EE99}.Debug|x64.Build.0 = Debug|x64
		{43BC277A-446C-474B-9684-67635D08EE99}.Debug|x86.ActiveCfg = Debug|Win32
		{43BC277A-446C-474B-9684-67635D08EE99}.Debug|x86.Build.0 = Debug|Win32
		{43BC277A-446C-474B-9684-67635D08EE99}.Release|x64.ActiveCfg = Release|x64
		{43BC277A-446C-474B-9684-67635D08EE99}.Release|x64.Build.0 = Release|x64
		{43BC277A-446C-474B-9684-67635D08EE99}.Release|x86.ActiveCfg = Release|Win32
		{43BC277A-446C-474B-9684-67635D08EE99}.Release|x86.Build.0 = Release|Win32
		{C9820C74-3B7F-44E5-981D-6F71769C169D}.Debug|x64.ActiveCfg = Debug|x64
		{C9820C74-3B7F-44E5-981D-6F71769C169D}.Debug|x64.Build.0 = Debug|x64
		{C9820C74-3B7F-44E5-981D-6F71769C169D}.Debug|x86.ActiveCfg = Debug|Win32
		{C9820C74-3B7F-44E5-981D-6F71769C169D}.Debug|x86.Build.0 = Debug|Win32
		{C9820C74-3B7F-44E5-981D-6F71769C169D}.Release|x64.ActiveCfg = Release|x64
		{C9820C74-3B7F-44E5-981D-6F71769C169D}.Release|x64.Build.0 = Release|x64
		{C9820C74-3B7F-44E5-981D-6F71769C169D}.Release|x86.ActiveCfg = Release|Win32
		{C9820C74-3B7F-44E5-981D-6F71769C169D}.Release|x86.Build.0 = Release|Win32
	EndGlobalSection
	GlobalSection(SolutionProperties) = preSolution
		HideSolutionNode = FALSE
	EndGlobalSection
	GlobalSection(ExtensibilityGlobals) = postSolution
		SolutionGuid = {9C1C790B-CC8F-4359-B5EF-96F202EB14EE}
	EndGlobalSection
EndGlobal
